// !$*UTF8*$!
{
	archiveVersion = 1;
	classes = {
	};
	objectVersion = 48;
	objects = {

/* Begin PBXBuildFile section */
		01024E5D200A923B0030859B /* CreateNewAccount.storyboard in Resources */ = {isa = PBXBuildFile; fileRef = 01024E5C200A923B0030859B /* CreateNewAccount.storyboard */; };
		01024E5F200A92C00030859B /* CreateNewAccountViewController.swift in Sources */ = {isa = PBXBuildFile; fileRef = 01024E5E200A92C00030859B /* CreateNewAccountViewController.swift */; };
		010AB17F1FF6DFBF00EFF0D5 /* Service_Test.swift in Sources */ = {isa = PBXBuildFile; fileRef = 010AB17E1FF6DFBF00EFF0D5 /* Service_Test.swift */; };
		010AB1841FF71A8300EFF0D5 /* SwiftValidator.framework in Frameworks */ = {isa = PBXBuildFile; fileRef = 010AB1831FF71A8300EFF0D5 /* SwiftValidator.framework */; };
		010AB1871FF72C4600EFF0D5 /* UIButton+Rounded.swift in Sources */ = {isa = PBXBuildFile; fileRef = 010AB1861FF72C4600EFF0D5 /* UIButton+Rounded.swift */; };
		010AB18F1FF77F3800EFF0D5 /* SVProgressHUD.framework in Frameworks */ = {isa = PBXBuildFile; fileRef = 010AB18C1FF77F3800EFF0D5 /* SVProgressHUD.framework */; };
		010AB1901FF77F3800EFF0D5 /* Kingfisher.framework in Frameworks */ = {isa = PBXBuildFile; fileRef = 010AB18D1FF77F3800EFF0D5 /* Kingfisher.framework */; };
		010AB1911FF77F3800EFF0D5 /* SwiftyBeaver.framework in Frameworks */ = {isa = PBXBuildFile; fileRef = 010AB18E1FF77F3800EFF0D5 /* SwiftyBeaver.framework */; };
		011280F2200552B300CF0E6B /* NetworkCall.swift in Sources */ = {isa = PBXBuildFile; fileRef = 011280F1200552B300CF0E6B /* NetworkCall.swift */; };
		011F7D651FF589FC00DCD7CA /* LoginToAccount.storyboard in Resources */ = {isa = PBXBuildFile; fileRef = 011F7D641FF589FC00DCD7CA /* LoginToAccount.storyboard */; };
		011F7D671FF58A1E00DCD7CA /* LoginToAccountViewController.swift in Sources */ = {isa = PBXBuildFile; fileRef = 011F7D661FF58A1E00DCD7CA /* LoginToAccountViewController.swift */; };
		0131641B2005A8DD0022B788 /* ServiceError.swift in Sources */ = {isa = PBXBuildFile; fileRef = 0131641A2005A8DD0022B788 /* ServiceError.swift */; };
		013164292005C8120022B788 /* PromiseStatus+CheckCancelled.swift in Sources */ = {isa = PBXBuildFile; fileRef = 013164282005C8120022B788 /* PromiseStatus+CheckCancelled.swift */; };
		0131642D2005ECF80022B788 /* ServiceManager.swift in Sources */ = {isa = PBXBuildFile; fileRef = 0131642C2005ECF80022B788 /* ServiceManager.swift */; };
		0131642F2005ED270022B788 /* NetworkManager.swift in Sources */ = {isa = PBXBuildFile; fileRef = 0131642E2005ED270022B788 /* NetworkManager.swift */; };
		013164312005F1CB0022B788 /* Configuration.swift in Sources */ = {isa = PBXBuildFile; fileRef = 013164302005F1CB0022B788 /* Configuration.swift */; };
		0138681F201979D300828DE8 /* OrganizationChoice.storyboard in Resources */ = {isa = PBXBuildFile; fileRef = 0138681E201979D300828DE8 /* OrganizationChoice.storyboard */; };
		0138682120198C0900828DE8 /* OrganizationChoiceViewController.swift in Sources */ = {isa = PBXBuildFile; fileRef = 0138682020198C0900828DE8 /* OrganizationChoiceViewController.swift */; };
		013868252019925700828DE8 /* ViewContextHolder.swift in Sources */ = {isa = PBXBuildFile; fileRef = 013868242019925700828DE8 /* ViewContextHolder.swift */; };
		013F674E2009AC95001B8586 /* Main.storyboard in Resources */ = {isa = PBXBuildFile; fileRef = 013F674D2009AC95001B8586 /* Main.storyboard */; };
		013F67502009AD93001B8586 /* WelcomeViewController.swift in Sources */ = {isa = PBXBuildFile; fileRef = 013F674F2009AD93001B8586 /* WelcomeViewController.swift */; };
		013F67522009AF56001B8586 /* ViewController.swift in Sources */ = {isa = PBXBuildFile; fileRef = 013F67512009AF56001B8586 /* ViewController.swift */; };
		013F67562009B1A1001B8586 /* BaseViewController.swift in Sources */ = {isa = PBXBuildFile; fileRef = 013F67552009B1A1001B8586 /* BaseViewController.swift */; };
		014B316120145C8B00B81D2C /* SiteMap.storyboard in Resources */ = {isa = PBXBuildFile; fileRef = 014B316020145C8B00B81D2C /* SiteMap.storyboard */; };
		014B316320145CF300B81D2C /* SiteMapViewController.swift in Sources */ = {isa = PBXBuildFile; fileRef = 014B316220145CF300B81D2C /* SiteMapViewController.swift */; };
		01563DD9200D7D6C009A478A /* DatabaseError.swift in Sources */ = {isa = PBXBuildFile; fileRef = 01563DD8200D7D6C009A478A /* DatabaseError.swift */; };
		01563DDF200D8E43009A478A /* NetworkRequest+Response.swift in Sources */ = {isa = PBXBuildFile; fileRef = 01563DDE200D8E43009A478A /* NetworkRequest+Response.swift */; };
		015E34A52006A8B0006A74C7 /* DatabaseHelper.swift in Sources */ = {isa = PBXBuildFile; fileRef = 015E34A42006A8B0006A74C7 /* DatabaseHelper.swift */; };
		015E34A92006CFD7006A74C7 /* NetworkHelper.swift in Sources */ = {isa = PBXBuildFile; fileRef = 015E34A82006CFD7006A74C7 /* NetworkHelper.swift */; };
		015E34AB2006D0A9006A74C7 /* ServiceHelper.swift in Sources */ = {isa = PBXBuildFile; fileRef = 015E34AA2006D0A9006A74C7 /* ServiceHelper.swift */; };
		017A159020104871008553E2 /* TopNavigation.storyboard in Resources */ = {isa = PBXBuildFile; fileRef = 017A158F20104871008553E2 /* TopNavigation.storyboard */; };
		017A1592201049F0008553E2 /* TopNavigationViewController.swift in Sources */ = {isa = PBXBuildFile; fileRef = 017A1591201049F0008553E2 /* TopNavigationViewController.swift */; };
		017A159620106C6E008553E2 /* TopNavigationChoice.storyboard in Resources */ = {isa = PBXBuildFile; fileRef = 017A159520106C6E008553E2 /* TopNavigationChoice.storyboard */; };
		017A159820106C82008553E2 /* TopNavigationChoiceViewController.swift in Sources */ = {isa = PBXBuildFile; fileRef = 017A159720106C82008553E2 /* TopNavigationChoiceViewController.swift */; };
		017A159A20107023008553E2 /* CreateNewSite.storyboard in Resources */ = {isa = PBXBuildFile; fileRef = 017A159920107023008553E2 /* CreateNewSite.storyboard */; };
		017A159C20107031008553E2 /* AddNewMeasurement.storyboard in Resources */ = {isa = PBXBuildFile; fileRef = 017A159B20107031008553E2 /* AddNewMeasurement.storyboard */; };
		017A159E2010704B008553E2 /* CreateNewSiteViewController.swift in Sources */ = {isa = PBXBuildFile; fileRef = 017A159D2010704B008553E2 /* CreateNewSiteViewController.swift */; };
		017A15A020107066008553E2 /* AddNewMeasurementViewController.swift in Sources */ = {isa = PBXBuildFile; fileRef = 017A159F20107066008553E2 /* AddNewMeasurementViewController.swift */; };
		01833384201825360071C380 /* TopNavigationChoiceNavigationController.swift in Sources */ = {isa = PBXBuildFile; fileRef = 01833383201825360071C380 /* TopNavigationChoiceNavigationController.swift */; };
		018F77641FFB0EAC004421F0 /* Globals.swift in Sources */ = {isa = PBXBuildFile; fileRef = 018F77631FFB0EAC004421F0 /* Globals.swift */; };
		018F77681FFB0F18004421F0 /* UserTokenRecord_Test.swift in Sources */ = {isa = PBXBuildFile; fileRef = 018F77671FFB0F18004421F0 /* UserTokenRecord_Test.swift */; };
		018F77691FFB126F004421F0 /* Alamofire.framework in Frameworks */ = {isa = PBXBuildFile; fileRef = 019FA2F21FF9FE5400E38B2C /* Alamofire.framework */; };
		018F776A1FFB126F004421F0 /* Hydra.framework in Frameworks */ = {isa = PBXBuildFile; fileRef = 019FA2EE1FF9D73F00E38B2C /* Hydra.framework */; };
		018F776B1FFB126F004421F0 /* Kingfisher.framework in Frameworks */ = {isa = PBXBuildFile; fileRef = 010AB18D1FF77F3800EFF0D5 /* Kingfisher.framework */; };
		018F776E1FFB126F004421F0 /* SVProgressHUD.framework in Frameworks */ = {isa = PBXBuildFile; fileRef = 010AB18C1FF77F3800EFF0D5 /* SVProgressHUD.framework */; };
		018F776F1FFB126F004421F0 /* SwiftLocation.framework in Frameworks */ = {isa = PBXBuildFile; fileRef = 019FA2F01FF9F24C00E38B2C /* SwiftLocation.framework */; };
		018F77701FFB126F004421F0 /* SwiftValidator.framework in Frameworks */ = {isa = PBXBuildFile; fileRef = 010AB1831FF71A8300EFF0D5 /* SwiftValidator.framework */; };
		018F77711FFB126F004421F0 /* SwiftyBeaver.framework in Frameworks */ = {isa = PBXBuildFile; fileRef = 010AB18E1FF77F3800EFF0D5 /* SwiftyBeaver.framework */; };
		018F77721FFB126F004421F0 /* SwiftyJSON.framework in Frameworks */ = {isa = PBXBuildFile; fileRef = 019FA3001FFA0EB200E38B2C /* SwiftyJSON.framework */; };
		0190E7751FFB66BB006F9B81 /* Network_Test.swift in Sources */ = {isa = PBXBuildFile; fileRef = 0190E7741FFB66BB006F9B81 /* Network_Test.swift */; };
		0190E7771FFB69E1006F9B81 /* Request+HTTPHeaders.swift in Sources */ = {isa = PBXBuildFile; fileRef = 0190E7761FFB69E1006F9B81 /* Request+HTTPHeaders.swift */; };
		01986002201700E2005067F8 /* DatabaseRecord.swift in Sources */ = {isa = PBXBuildFile; fileRef = 01986001201700E2005067F8 /* DatabaseRecord.swift */; };
		0198600420171CAB005067F8 /* ViewControllerError.swift in Sources */ = {isa = PBXBuildFile; fileRef = 0198600320171CAB005067F8 /* ViewControllerError.swift */; };
		019FA2EF1FF9D73F00E38B2C /* Hydra.framework in Frameworks */ = {isa = PBXBuildFile; fileRef = 019FA2EE1FF9D73F00E38B2C /* Hydra.framework */; };
		019FA2F11FF9F24C00E38B2C /* SwiftLocation.framework in Frameworks */ = {isa = PBXBuildFile; fileRef = 019FA2F01FF9F24C00E38B2C /* SwiftLocation.framework */; };
		019FA2F31FF9FE5400E38B2C /* Alamofire.framework in Frameworks */ = {isa = PBXBuildFile; fileRef = 019FA2F21FF9FE5400E38B2C /* Alamofire.framework */; };
		019FA3011FFA0EB200E38B2C /* SwiftyJSON.framework in Frameworks */ = {isa = PBXBuildFile; fileRef = 019FA3001FFA0EB200E38B2C /* SwiftyJSON.framework */; };
		01AD11661FF4B5DB000DCE81 /* AppDelegate.swift in Sources */ = {isa = PBXBuildFile; fileRef = 01AD11651FF4B5DB000DCE81 /* AppDelegate.swift */; };
		01AD11681FF4B5DB000DCE81 /* MainViewController.swift in Sources */ = {isa = PBXBuildFile; fileRef = 01AD11671FF4B5DB000DCE81 /* MainViewController.swift */; };
		01AD116B1FF4B5DB000DCE81 /* Welcome.storyboard in Resources */ = {isa = PBXBuildFile; fileRef = 01AD11691FF4B5DB000DCE81 /* Welcome.storyboard */; };
		01AD116D1FF4B5DB000DCE81 /* Assets.xcassets in Resources */ = {isa = PBXBuildFile; fileRef = 01AD116C1FF4B5DB000DCE81 /* Assets.xcassets */; };
		01AD11701FF4B5DB000DCE81 /* LaunchScreen.storyboard in Resources */ = {isa = PBXBuildFile; fileRef = 01AD116E1FF4B5DB000DCE81 /* LaunchScreen.storyboard */; };
		01AD117B1FF4B5DC000DCE81 /* ecodatum_ios_clientTests.swift in Sources */ = {isa = PBXBuildFile; fileRef = 01AD117A1FF4B5DC000DCE81 /* ecodatum_ios_clientTests.swift */; };
		01CCEC8C2015498700D64CE8 /* Validator+Transformer.swift in Sources */ = {isa = PBXBuildFile; fileRef = 01CCEC8B2015498700D64CE8 /* Validator+Transformer.swift */; };
		01CCEC8E20154C1200D64CE8 /* UITextView+Rounded.swift in Sources */ = {isa = PBXBuildFile; fileRef = 01CCEC8D20154C1200D64CE8 /* UITextView+Rounded.swift */; };
		01CCEC9020154DFD00D64CE8 /* UITextView+Validatable.swift in Sources */ = {isa = PBXBuildFile; fileRef = 01CCEC8F20154DFD00D64CE8 /* UITextView+Validatable.swift */; };
		01CCEC94201583C800D64CE8 /* SVProgressHUD+Defaults.swift in Sources */ = {isa = PBXBuildFile; fileRef = 01CCEC93201583C800D64CE8 /* SVProgressHUD+Defaults.swift */; };
		01CCEC962015A27400D64CE8 /* ValidatorRule.swift in Sources */ = {isa = PBXBuildFile; fileRef = 01CCEC952015A27400D64CE8 /* ValidatorRule.swift */; };
		01CCEC982015A3A300D64CE8 /* String+ToNumber.swift in Sources */ = {isa = PBXBuildFile; fileRef = 01CCEC972015A3A300D64CE8 /* String+ToNumber.swift */; };
		01D2BD7B201194E500260F18 /* Account.storyboard in Resources */ = {isa = PBXBuildFile; fileRef = 01D2BD7A201194E500260F18 /* Account.storyboard */; };
		01D2BD7D201194F600260F18 /* AccountViewController.swift in Sources */ = {isa = PBXBuildFile; fileRef = 01D2BD7C201194F600260F18 /* AccountViewController.swift */; };
		01D8B2E91FFC590A00450470 /* GRDBCipher.framework in Frameworks */ = {isa = PBXBuildFile; fileRef = 01D8B2E61FFC590A00450470 /* GRDBCipher.framework */; };
		01D8B2EA1FFC590A00450470 /* GRDBCustomSQLite.framework in Frameworks */ = {isa = PBXBuildFile; fileRef = 01D8B2E71FFC590A00450470 /* GRDBCustomSQLite.framework */; };
		01D8B2EB1FFC590A00450470 /* GRDB.framework in Frameworks */ = {isa = PBXBuildFile; fileRef = 01D8B2E81FFC590A00450470 /* GRDB.framework */; };
		01D8B2EC1FFC592E00450470 /* GRDB.framework in Frameworks */ = {isa = PBXBuildFile; fileRef = 01D8B2E81FFC590A00450470 /* GRDB.framework */; };
		01D8B2ED1FFC592E00450470 /* GRDBCipher.framework in Frameworks */ = {isa = PBXBuildFile; fileRef = 01D8B2E61FFC590A00450470 /* GRDBCipher.framework */; };
		01D8B2EE1FFC592E00450470 /* GRDBCustomSQLite.framework in Frameworks */ = {isa = PBXBuildFile; fileRef = 01D8B2E71FFC590A00450470 /* GRDBCustomSQLite.framework */; };
		01D8B2FA1FFC6C5100450470 /* NetworkError.swift in Sources */ = {isa = PBXBuildFile; fileRef = 01D8B2F91FFC6C5100450470 /* NetworkError.swift */; };
		01D8B2FC1FFC849F00450470 /* DatabaseManager.swift in Sources */ = {isa = PBXBuildFile; fileRef = 01D8B2FB1FFC849F00450470 /* DatabaseManager.swift */; };
		01EBEA4D1FFB4E25008E4E41 /* AlamofireImage.framework in Frameworks */ = {isa = PBXBuildFile; fileRef = 01EBEA4B1FFB4E24008E4E41 /* AlamofireImage.framework */; };
		01EBEA4E1FFB4E25008E4E41 /* AlamofireNetworkActivityIndicator.framework in Frameworks */ = {isa = PBXBuildFile; fileRef = 01EBEA4C1FFB4E24008E4E41 /* AlamofireNetworkActivityIndicator.framework */; };
		01EBEA4F1FFB4E56008E4E41 /* AlamofireImage.framework in Frameworks */ = {isa = PBXBuildFile; fileRef = 01EBEA4B1FFB4E24008E4E41 /* AlamofireImage.framework */; };
		01EBEA501FFB4E56008E4E41 /* AlamofireNetworkActivityIndicator.framework in Frameworks */ = {isa = PBXBuildFile; fileRef = 01EBEA4C1FFB4E24008E4E41 /* AlamofireNetworkActivityIndicator.framework */; };
		01EBEA521FFB5699008E4E41 /* AlamofireSwiftyJSON.framework in Frameworks */ = {isa = PBXBuildFile; fileRef = 01EBEA511FFB5698008E4E41 /* AlamofireSwiftyJSON.framework */; };
		01EBEA531FFB56A2008E4E41 /* AlamofireSwiftyJSON.framework in Frameworks */ = {isa = PBXBuildFile; fileRef = 01EBEA511FFB5698008E4E41 /* AlamofireSwiftyJSON.framework */; };
/* End PBXBuildFile section */

/* Begin PBXContainerItemProxy section */
		01AD11771FF4B5DC000DCE81 /* PBXContainerItemProxy */ = {
			isa = PBXContainerItemProxy;
			containerPortal = 01AD115A1FF4B5DB000DCE81 /* Project object */;
			proxyType = 1;
			remoteGlobalIDString = 01AD11611FF4B5DB000DCE81;
			remoteInfo = "ecodatum-ios-client";
		};
/* End PBXContainerItemProxy section */

/* Begin PBXFileReference section */
		01024E5C200A923B0030859B /* CreateNewAccount.storyboard */ = {isa = PBXFileReference; lastKnownFileType = file.storyboard; path = CreateNewAccount.storyboard; sourceTree = "<group>"; };
		01024E5E200A92C00030859B /* CreateNewAccountViewController.swift */ = {isa = PBXFileReference; lastKnownFileType = sourcecode.swift; path = CreateNewAccountViewController.swift; sourceTree = "<group>"; };
		010AB17E1FF6DFBF00EFF0D5 /* Service_Test.swift */ = {isa = PBXFileReference; lastKnownFileType = sourcecode.swift; path = Service_Test.swift; sourceTree = "<group>"; };
		010AB1831FF71A8300EFF0D5 /* SwiftValidator.framework */ = {isa = PBXFileReference; lastKnownFileType = wrapper.framework; name = SwiftValidator.framework; path = Carthage/Build/iOS/SwiftValidator.framework; sourceTree = "<group>"; };
		010AB1861FF72C4600EFF0D5 /* UIButton+Rounded.swift */ = {isa = PBXFileReference; lastKnownFileType = sourcecode.swift; path = "UIButton+Rounded.swift"; sourceTree = "<group>"; };
		010AB18C1FF77F3800EFF0D5 /* SVProgressHUD.framework */ = {isa = PBXFileReference; lastKnownFileType = wrapper.framework; name = SVProgressHUD.framework; path = Carthage/Build/iOS/SVProgressHUD.framework; sourceTree = "<group>"; };
		010AB18D1FF77F3800EFF0D5 /* Kingfisher.framework */ = {isa = PBXFileReference; lastKnownFileType = wrapper.framework; name = Kingfisher.framework; path = Carthage/Build/iOS/Kingfisher.framework; sourceTree = "<group>"; };
		010AB18E1FF77F3800EFF0D5 /* SwiftyBeaver.framework */ = {isa = PBXFileReference; lastKnownFileType = wrapper.framework; name = SwiftyBeaver.framework; path = Carthage/Build/iOS/SwiftyBeaver.framework; sourceTree = "<group>"; };
		011280F1200552B300CF0E6B /* NetworkCall.swift */ = {isa = PBXFileReference; lastKnownFileType = sourcecode.swift; path = NetworkCall.swift; sourceTree = "<group>"; };
		011F7D641FF589FC00DCD7CA /* LoginToAccount.storyboard */ = {isa = PBXFileReference; lastKnownFileType = file.storyboard; path = LoginToAccount.storyboard; sourceTree = "<group>"; };
		011F7D661FF58A1E00DCD7CA /* LoginToAccountViewController.swift */ = {isa = PBXFileReference; lastKnownFileType = sourcecode.swift; path = LoginToAccountViewController.swift; sourceTree = "<group>"; };
		0131641A2005A8DD0022B788 /* ServiceError.swift */ = {isa = PBXFileReference; lastKnownFileType = sourcecode.swift; path = ServiceError.swift; sourceTree = "<group>"; };
		013164282005C8120022B788 /* PromiseStatus+CheckCancelled.swift */ = {isa = PBXFileReference; lastKnownFileType = sourcecode.swift; path = "PromiseStatus+CheckCancelled.swift"; sourceTree = "<group>"; };
		0131642C2005ECF80022B788 /* ServiceManager.swift */ = {isa = PBXFileReference; lastKnownFileType = sourcecode.swift; path = ServiceManager.swift; sourceTree = "<group>"; };
		0131642E2005ED270022B788 /* NetworkManager.swift */ = {isa = PBXFileReference; lastKnownFileType = sourcecode.swift; path = NetworkManager.swift; sourceTree = "<group>"; };
		013164302005F1CB0022B788 /* Configuration.swift */ = {isa = PBXFileReference; fileEncoding = 4; lastKnownFileType = sourcecode.swift; path = Configuration.swift; sourceTree = "<group>"; };
		0138681E201979D300828DE8 /* OrganizationChoice.storyboard */ = {isa = PBXFileReference; lastKnownFileType = file.storyboard; path = OrganizationChoice.storyboard; sourceTree = "<group>"; };
		0138682020198C0900828DE8 /* OrganizationChoiceViewController.swift */ = {isa = PBXFileReference; lastKnownFileType = sourcecode.swift; path = OrganizationChoiceViewController.swift; sourceTree = "<group>"; };
		013868242019925700828DE8 /* ViewContextHolder.swift */ = {isa = PBXFileReference; lastKnownFileType = sourcecode.swift; path = ViewContextHolder.swift; sourceTree = "<group>"; };
		013F674D2009AC95001B8586 /* Main.storyboard */ = {isa = PBXFileReference; lastKnownFileType = file.storyboard; path = Main.storyboard; sourceTree = "<group>"; };
		013F674F2009AD93001B8586 /* WelcomeViewController.swift */ = {isa = PBXFileReference; lastKnownFileType = sourcecode.swift; path = WelcomeViewController.swift; sourceTree = "<group>"; };
		013F67512009AF56001B8586 /* ViewController.swift */ = {isa = PBXFileReference; lastKnownFileType = sourcecode.swift; path = ViewController.swift; sourceTree = "<group>"; };
		013F67552009B1A1001B8586 /* BaseViewController.swift */ = {isa = PBXFileReference; lastKnownFileType = sourcecode.swift; path = BaseViewController.swift; sourceTree = "<group>"; };
		014B316020145C8B00B81D2C /* SiteMap.storyboard */ = {isa = PBXFileReference; lastKnownFileType = file.storyboard; path = SiteMap.storyboard; sourceTree = "<group>"; };
		014B316220145CF300B81D2C /* SiteMapViewController.swift */ = {isa = PBXFileReference; lastKnownFileType = sourcecode.swift; path = SiteMapViewController.swift; sourceTree = "<group>"; };
		01563DD8200D7D6C009A478A /* DatabaseError.swift */ = {isa = PBXFileReference; lastKnownFileType = sourcecode.swift; path = DatabaseError.swift; sourceTree = "<group>"; };
		01563DDE200D8E43009A478A /* NetworkRequest+Response.swift */ = {isa = PBXFileReference; lastKnownFileType = sourcecode.swift; path = "NetworkRequest+Response.swift"; sourceTree = "<group>"; };
		015E34A42006A8B0006A74C7 /* DatabaseHelper.swift */ = {isa = PBXFileReference; lastKnownFileType = sourcecode.swift; path = DatabaseHelper.swift; sourceTree = "<group>"; };
		015E34A82006CFD7006A74C7 /* NetworkHelper.swift */ = {isa = PBXFileReference; lastKnownFileType = sourcecode.swift; path = NetworkHelper.swift; sourceTree = "<group>"; };
		015E34AA2006D0A9006A74C7 /* ServiceHelper.swift */ = {isa = PBXFileReference; lastKnownFileType = sourcecode.swift; path = ServiceHelper.swift; sourceTree = "<group>"; };
		017A158F20104871008553E2 /* TopNavigation.storyboard */ = {isa = PBXFileReference; lastKnownFileType = file.storyboard; path = TopNavigation.storyboard; sourceTree = "<group>"; };
		017A1591201049F0008553E2 /* TopNavigationViewController.swift */ = {isa = PBXFileReference; lastKnownFileType = sourcecode.swift; path = TopNavigationViewController.swift; sourceTree = "<group>"; };
		017A159520106C6E008553E2 /* TopNavigationChoice.storyboard */ = {isa = PBXFileReference; lastKnownFileType = file.storyboard; path = TopNavigationChoice.storyboard; sourceTree = "<group>"; };
		017A159720106C82008553E2 /* TopNavigationChoiceViewController.swift */ = {isa = PBXFileReference; lastKnownFileType = sourcecode.swift; path = TopNavigationChoiceViewController.swift; sourceTree = "<group>"; };
		017A159920107023008553E2 /* CreateNewSite.storyboard */ = {isa = PBXFileReference; lastKnownFileType = file.storyboard; path = CreateNewSite.storyboard; sourceTree = "<group>"; };
		017A159B20107031008553E2 /* AddNewMeasurement.storyboard */ = {isa = PBXFileReference; lastKnownFileType = file.storyboard; path = AddNewMeasurement.storyboard; sourceTree = "<group>"; };
		017A159D2010704B008553E2 /* CreateNewSiteViewController.swift */ = {isa = PBXFileReference; lastKnownFileType = sourcecode.swift; path = CreateNewSiteViewController.swift; sourceTree = "<group>"; };
		017A159F20107066008553E2 /* AddNewMeasurementViewController.swift */ = {isa = PBXFileReference; lastKnownFileType = sourcecode.swift; path = AddNewMeasurementViewController.swift; sourceTree = "<group>"; };
		01833383201825360071C380 /* TopNavigationChoiceNavigationController.swift */ = {isa = PBXFileReference; lastKnownFileType = sourcecode.swift; path = TopNavigationChoiceNavigationController.swift; sourceTree = "<group>"; };
		018F77631FFB0EAC004421F0 /* Globals.swift */ = {isa = PBXFileReference; lastKnownFileType = sourcecode.swift; path = Globals.swift; sourceTree = "<group>"; };
		018F77671FFB0F18004421F0 /* UserTokenRecord_Test.swift */ = {isa = PBXFileReference; lastKnownFileType = sourcecode.swift; path = UserTokenRecord_Test.swift; sourceTree = "<group>"; };
		0190E7741FFB66BB006F9B81 /* Network_Test.swift */ = {isa = PBXFileReference; fileEncoding = 4; lastKnownFileType = sourcecode.swift; path = Network_Test.swift; sourceTree = "<group>"; };
		0190E7761FFB69E1006F9B81 /* Request+HTTPHeaders.swift */ = {isa = PBXFileReference; lastKnownFileType = sourcecode.swift; path = "Request+HTTPHeaders.swift"; sourceTree = "<group>"; };
		01986001201700E2005067F8 /* DatabaseRecord.swift */ = {isa = PBXFileReference; lastKnownFileType = sourcecode.swift; path = DatabaseRecord.swift; sourceTree = "<group>"; };
		0198600320171CAB005067F8 /* ViewControllerError.swift */ = {isa = PBXFileReference; lastKnownFileType = sourcecode.swift; path = ViewControllerError.swift; sourceTree = "<group>"; };
		019FA2EE1FF9D73F00E38B2C /* Hydra.framework */ = {isa = PBXFileReference; lastKnownFileType = wrapper.framework; name = Hydra.framework; path = Carthage/Build/iOS/Hydra.framework; sourceTree = "<group>"; };
		019FA2F01FF9F24C00E38B2C /* SwiftLocation.framework */ = {isa = PBXFileReference; lastKnownFileType = wrapper.framework; name = SwiftLocation.framework; path = Carthage/Build/iOS/SwiftLocation.framework; sourceTree = "<group>"; };
		019FA2F21FF9FE5400E38B2C /* Alamofire.framework */ = {isa = PBXFileReference; lastKnownFileType = wrapper.framework; name = Alamofire.framework; path = Carthage/Build/iOS/Alamofire.framework; sourceTree = "<group>"; };
		019FA3001FFA0EB200E38B2C /* SwiftyJSON.framework */ = {isa = PBXFileReference; lastKnownFileType = wrapper.framework; name = SwiftyJSON.framework; path = Carthage/Build/iOS/SwiftyJSON.framework; sourceTree = "<group>"; };
		01AD11621FF4B5DB000DCE81 /* ecodatum-ios-client.app */ = {isa = PBXFileReference; explicitFileType = wrapper.application; includeInIndex = 0; path = "ecodatum-ios-client.app"; sourceTree = BUILT_PRODUCTS_DIR; };
		01AD11651FF4B5DB000DCE81 /* AppDelegate.swift */ = {isa = PBXFileReference; lastKnownFileType = sourcecode.swift; path = AppDelegate.swift; sourceTree = "<group>"; };
		01AD11671FF4B5DB000DCE81 /* MainViewController.swift */ = {isa = PBXFileReference; lastKnownFileType = sourcecode.swift; path = MainViewController.swift; sourceTree = "<group>"; };
		01AD116A1FF4B5DB000DCE81 /* Base */ = {isa = PBXFileReference; lastKnownFileType = file.storyboard; name = Base; path = Base.lproj/Welcome.storyboard; sourceTree = "<group>"; };
		01AD116C1FF4B5DB000DCE81 /* Assets.xcassets */ = {isa = PBXFileReference; lastKnownFileType = folder.assetcatalog; path = Assets.xcassets; sourceTree = "<group>"; };
		01AD116F1FF4B5DB000DCE81 /* Base */ = {isa = PBXFileReference; lastKnownFileType = file.storyboard; name = Base; path = Base.lproj/LaunchScreen.storyboard; sourceTree = "<group>"; };
		01AD11711FF4B5DB000DCE81 /* Info.plist */ = {isa = PBXFileReference; lastKnownFileType = text.plist.xml; path = Info.plist; sourceTree = "<group>"; };
		01AD11761FF4B5DC000DCE81 /* ecodatum-ios-clientTests.xctest */ = {isa = PBXFileReference; explicitFileType = wrapper.cfbundle; includeInIndex = 0; path = "ecodatum-ios-clientTests.xctest"; sourceTree = BUILT_PRODUCTS_DIR; };
		01AD117A1FF4B5DC000DCE81 /* ecodatum_ios_clientTests.swift */ = {isa = PBXFileReference; lastKnownFileType = sourcecode.swift; path = ecodatum_ios_clientTests.swift; sourceTree = "<group>"; };
		01AD117C1FF4B5DC000DCE81 /* Info.plist */ = {isa = PBXFileReference; lastKnownFileType = text.plist.xml; path = Info.plist; sourceTree = "<group>"; };
		01CCEC8B2015498700D64CE8 /* Validator+Transformer.swift */ = {isa = PBXFileReference; lastKnownFileType = sourcecode.swift; path = "Validator+Transformer.swift"; sourceTree = "<group>"; };
		01CCEC8D20154C1200D64CE8 /* UITextView+Rounded.swift */ = {isa = PBXFileReference; lastKnownFileType = sourcecode.swift; path = "UITextView+Rounded.swift"; sourceTree = "<group>"; };
		01CCEC8F20154DFD00D64CE8 /* UITextView+Validatable.swift */ = {isa = PBXFileReference; lastKnownFileType = sourcecode.swift; path = "UITextView+Validatable.swift"; sourceTree = "<group>"; };
		01CCEC93201583C800D64CE8 /* SVProgressHUD+Defaults.swift */ = {isa = PBXFileReference; lastKnownFileType = sourcecode.swift; path = "SVProgressHUD+Defaults.swift"; sourceTree = "<group>"; };
		01CCEC952015A27400D64CE8 /* ValidatorRule.swift */ = {isa = PBXFileReference; lastKnownFileType = sourcecode.swift; path = ValidatorRule.swift; sourceTree = "<group>"; };
		01CCEC972015A3A300D64CE8 /* String+ToNumber.swift */ = {isa = PBXFileReference; lastKnownFileType = sourcecode.swift; path = "String+ToNumber.swift"; sourceTree = "<group>"; };
		01D2BD7A201194E500260F18 /* Account.storyboard */ = {isa = PBXFileReference; lastKnownFileType = file.storyboard; path = Account.storyboard; sourceTree = "<group>"; };
		01D2BD7C201194F600260F18 /* AccountViewController.swift */ = {isa = PBXFileReference; lastKnownFileType = sourcecode.swift; path = AccountViewController.swift; sourceTree = "<group>"; };
		01D8B2E61FFC590A00450470 /* GRDBCipher.framework */ = {isa = PBXFileReference; lastKnownFileType = wrapper.framework; name = GRDBCipher.framework; path = Carthage/Build/iOS/GRDBCipher.framework; sourceTree = "<group>"; };
		01D8B2E71FFC590A00450470 /* GRDBCustomSQLite.framework */ = {isa = PBXFileReference; lastKnownFileType = wrapper.framework; name = GRDBCustomSQLite.framework; path = Carthage/Build/iOS/GRDBCustomSQLite.framework; sourceTree = "<group>"; };
		01D8B2E81FFC590A00450470 /* GRDB.framework */ = {isa = PBXFileReference; lastKnownFileType = wrapper.framework; name = GRDB.framework; path = Carthage/Build/iOS/GRDB.framework; sourceTree = "<group>"; };
		01D8B2F91FFC6C5100450470 /* NetworkError.swift */ = {isa = PBXFileReference; lastKnownFileType = sourcecode.swift; path = NetworkError.swift; sourceTree = "<group>"; };
		01D8B2FB1FFC849F00450470 /* DatabaseManager.swift */ = {isa = PBXFileReference; lastKnownFileType = sourcecode.swift; path = DatabaseManager.swift; sourceTree = "<group>"; };
		01EBEA4B1FFB4E24008E4E41 /* AlamofireImage.framework */ = {isa = PBXFileReference; lastKnownFileType = wrapper.framework; name = AlamofireImage.framework; path = Carthage/Build/iOS/AlamofireImage.framework; sourceTree = "<group>"; };
		01EBEA4C1FFB4E24008E4E41 /* AlamofireNetworkActivityIndicator.framework */ = {isa = PBXFileReference; lastKnownFileType = wrapper.framework; name = AlamofireNetworkActivityIndicator.framework; path = Carthage/Build/iOS/AlamofireNetworkActivityIndicator.framework; sourceTree = "<group>"; };
		01EBEA511FFB5698008E4E41 /* AlamofireSwiftyJSON.framework */ = {isa = PBXFileReference; lastKnownFileType = wrapper.framework; name = AlamofireSwiftyJSON.framework; path = Carthage/Build/iOS/AlamofireSwiftyJSON.framework; sourceTree = "<group>"; };
/* End PBXFileReference section */

/* Begin PBXFrameworksBuildPhase section */
		01AD115F1FF4B5DB000DCE81 /* Frameworks */ = {
			isa = PBXFrameworksBuildPhase;
			buildActionMask = 2147483647;
			files = (
				019FA2F31FF9FE5400E38B2C /* Alamofire.framework in Frameworks */,
				01EBEA4F1FFB4E56008E4E41 /* AlamofireImage.framework in Frameworks */,
				01EBEA501FFB4E56008E4E41 /* AlamofireNetworkActivityIndicator.framework in Frameworks */,
				01EBEA521FFB5699008E4E41 /* AlamofireSwiftyJSON.framework in Frameworks */,
				01D8B2E91FFC590A00450470 /* GRDBCipher.framework in Frameworks */,
				01D8B2EA1FFC590A00450470 /* GRDBCustomSQLite.framework in Frameworks */,
				01D8B2EB1FFC590A00450470 /* GRDB.framework in Frameworks */,
				019FA2EF1FF9D73F00E38B2C /* Hydra.framework in Frameworks */,
				010AB1901FF77F3800EFF0D5 /* Kingfisher.framework in Frameworks */,
				010AB18F1FF77F3800EFF0D5 /* SVProgressHUD.framework in Frameworks */,
				019FA2F11FF9F24C00E38B2C /* SwiftLocation.framework in Frameworks */,
				010AB1841FF71A8300EFF0D5 /* SwiftValidator.framework in Frameworks */,
				010AB1911FF77F3800EFF0D5 /* SwiftyBeaver.framework in Frameworks */,
				019FA3011FFA0EB200E38B2C /* SwiftyJSON.framework in Frameworks */,
			);
			runOnlyForDeploymentPostprocessing = 0;
		};
		01AD11731FF4B5DC000DCE81 /* Frameworks */ = {
			isa = PBXFrameworksBuildPhase;
			buildActionMask = 2147483647;
			files = (
				018F77691FFB126F004421F0 /* Alamofire.framework in Frameworks */,
				01EBEA4D1FFB4E25008E4E41 /* AlamofireImage.framework in Frameworks */,
				01EBEA4E1FFB4E25008E4E41 /* AlamofireNetworkActivityIndicator.framework in Frameworks */,
				01EBEA531FFB56A2008E4E41 /* AlamofireSwiftyJSON.framework in Frameworks */,
				01D8B2EC1FFC592E00450470 /* GRDB.framework in Frameworks */,
				01D8B2ED1FFC592E00450470 /* GRDBCipher.framework in Frameworks */,
				01D8B2EE1FFC592E00450470 /* GRDBCustomSQLite.framework in Frameworks */,
				018F776A1FFB126F004421F0 /* Hydra.framework in Frameworks */,
				018F776B1FFB126F004421F0 /* Kingfisher.framework in Frameworks */,
				018F776E1FFB126F004421F0 /* SVProgressHUD.framework in Frameworks */,
				018F776F1FFB126F004421F0 /* SwiftLocation.framework in Frameworks */,
				018F77701FFB126F004421F0 /* SwiftValidator.framework in Frameworks */,
				018F77711FFB126F004421F0 /* SwiftyBeaver.framework in Frameworks */,
				018F77721FFB126F004421F0 /* SwiftyJSON.framework in Frameworks */,
			);
			runOnlyForDeploymentPostprocessing = 0;
		};
/* End PBXFrameworksBuildPhase section */

/* Begin PBXGroup section */
		010AB17D1FF6DFA900EFF0D5 /* Service */ = {
			isa = PBXGroup;
			children = (
				010AB17E1FF6DFBF00EFF0D5 /* Service_Test.swift */,
			);
			path = Service;
			sourceTree = "<group>";
		};
		010AB1821FF71A8300EFF0D5 /* Frameworks */ = {
			isa = PBXGroup;
			children = (
				01D8B2E81FFC590A00450470 /* GRDB.framework */,
				01D8B2E61FFC590A00450470 /* GRDBCipher.framework */,
				01D8B2E71FFC590A00450470 /* GRDBCustomSQLite.framework */,
				01EBEA511FFB5698008E4E41 /* AlamofireSwiftyJSON.framework */,
				01EBEA4B1FFB4E24008E4E41 /* AlamofireImage.framework */,
				01EBEA4C1FFB4E24008E4E41 /* AlamofireNetworkActivityIndicator.framework */,
				019FA3001FFA0EB200E38B2C /* SwiftyJSON.framework */,
				019FA2F21FF9FE5400E38B2C /* Alamofire.framework */,
				019FA2F01FF9F24C00E38B2C /* SwiftLocation.framework */,
				019FA2EE1FF9D73F00E38B2C /* Hydra.framework */,
				010AB18D1FF77F3800EFF0D5 /* Kingfisher.framework */,
				010AB18C1FF77F3800EFF0D5 /* SVProgressHUD.framework */,
				010AB18E1FF77F3800EFF0D5 /* SwiftyBeaver.framework */,
				010AB1831FF71A8300EFF0D5 /* SwiftValidator.framework */,
			);
			name = Frameworks;
			sourceTree = "<group>";
		};
		011F7D681FF5951200DCD7CA /* Utilities */ = {
			isa = PBXGroup;
			children = (
				013164282005C8120022B788 /* PromiseStatus+CheckCancelled.swift */,
				010AB1861FF72C4600EFF0D5 /* UIButton+Rounded.swift */,
				0190E7761FFB69E1006F9B81 /* Request+HTTPHeaders.swift */,
				01CCEC8B2015498700D64CE8 /* Validator+Transformer.swift */,
				01CCEC8D20154C1200D64CE8 /* UITextView+Rounded.swift */,
				01CCEC8F20154DFD00D64CE8 /* UITextView+Validatable.swift */,
				01CCEC93201583C800D64CE8 /* SVProgressHUD+Defaults.swift */,
				01CCEC952015A27400D64CE8 /* ValidatorRule.swift */,
				01CCEC972015A3A300D64CE8 /* String+ToNumber.swift */,
			);
			path = Utilities;
			sourceTree = "<group>";
		};
		018F77651FFB0EEC004421F0 /* Database */ = {
			isa = PBXGroup;
			children = (
				018F77671FFB0F18004421F0 /* UserTokenRecord_Test.swift */,
			);
			path = Database;
			sourceTree = "<group>";
		};
		018F77661FFB0EFD004421F0 /* Network */ = {
			isa = PBXGroup;
			children = (
				0190E7741FFB66BB006F9B81 /* Network_Test.swift */,
			);
			path = Network;
			sourceTree = "<group>";
		};
		019FA2FA1FF9FFAB00E38B2C /* Network */ = {
			isa = PBXGroup;
			children = (
				01D8B2F91FFC6C5100450470 /* NetworkError.swift */,
				011280F1200552B300CF0E6B /* NetworkCall.swift */,
				0131642E2005ED270022B788 /* NetworkManager.swift */,
				015E34A82006CFD7006A74C7 /* NetworkHelper.swift */,
				01563DDE200D8E43009A478A /* NetworkRequest+Response.swift */,
			);
			path = Network;
			sourceTree = "<group>";
		};
		019FA2FB1FFA008800E38B2C /* Database */ = {
			isa = PBXGroup;
			children = (
				01D8B2FB1FFC849F00450470 /* DatabaseManager.swift */,
				015E34A42006A8B0006A74C7 /* DatabaseHelper.swift */,
				01563DD8200D7D6C009A478A /* DatabaseError.swift */,
				01986001201700E2005067F8 /* DatabaseRecord.swift */,
			);
			path = Database;
			sourceTree = "<group>";
		};
		01AD11591FF4B5DB000DCE81 = {
			isa = PBXGroup;
			children = (
				01AD11641FF4B5DB000DCE81 /* ecodatum-ios-client */,
				01AD11791FF4B5DC000DCE81 /* ecodatum-ios-clientTests */,
				01AD11631FF4B5DB000DCE81 /* Products */,
				010AB1821FF71A8300EFF0D5 /* Frameworks */,
			);
			sourceTree = "<group>";
		};
		01AD11631FF4B5DB000DCE81 /* Products */ = {
			isa = PBXGroup;
			children = (
				01AD11621FF4B5DB000DCE81 /* ecodatum-ios-client.app */,
				01AD11761FF4B5DC000DCE81 /* ecodatum-ios-clientTests.xctest */,
			);
			name = Products;
			sourceTree = "<group>";
		};
		01AD11641FF4B5DB000DCE81 /* ecodatum-ios-client */ = {
			isa = PBXGroup;
			children = (
				013164302005F1CB0022B788 /* Configuration.swift */,
				019FA2FB1FFA008800E38B2C /* Database */,
				019FA2FA1FF9FFAB00E38B2C /* Network */,
				01D3B8041FF6226C00EDE896 /* Service */,
				011F7D681FF5951200DCD7CA /* Utilities */,
				01AD11861FF4B7AE000DCE81 /* Storyboards */,
				01AD11851FF4B78F000DCE81 /* Controllers */,
				01AD11651FF4B5DB000DCE81 /* AppDelegate.swift */,
				01AD116C1FF4B5DB000DCE81 /* Assets.xcassets */,
				01AD11711FF4B5DB000DCE81 /* Info.plist */,
				018F77631FFB0EAC004421F0 /* Globals.swift */,
			);
			path = "ecodatum-ios-client";
			sourceTree = "<group>";
		};
		01AD11791FF4B5DC000DCE81 /* ecodatum-ios-clientTests */ = {
			isa = PBXGroup;
			children = (
				018F77661FFB0EFD004421F0 /* Network */,
				018F77651FFB0EEC004421F0 /* Database */,
				010AB17D1FF6DFA900EFF0D5 /* Service */,
				01AD117A1FF4B5DC000DCE81 /* ecodatum_ios_clientTests.swift */,
				01AD117C1FF4B5DC000DCE81 /* Info.plist */,
			);
			path = "ecodatum-ios-clientTests";
			sourceTree = "<group>";
		};
		01AD11851FF4B78F000DCE81 /* Controllers */ = {
			isa = PBXGroup;
			children = (
				01AD11671FF4B5DB000DCE81 /* MainViewController.swift */,
				011F7D661FF58A1E00DCD7CA /* LoginToAccountViewController.swift */,
				013F674F2009AD93001B8586 /* WelcomeViewController.swift */,
				013F67512009AF56001B8586 /* ViewController.swift */,
				013F67552009B1A1001B8586 /* BaseViewController.swift */,
				01024E5E200A92C00030859B /* CreateNewAccountViewController.swift */,
				017A1591201049F0008553E2 /* TopNavigationViewController.swift */,
				017A159720106C82008553E2 /* TopNavigationChoiceViewController.swift */,
				017A159D2010704B008553E2 /* CreateNewSiteViewController.swift */,
				017A159F20107066008553E2 /* AddNewMeasurementViewController.swift */,
				01D2BD7C201194F600260F18 /* AccountViewController.swift */,
				014B316220145CF300B81D2C /* SiteMapViewController.swift */,
				0198600320171CAB005067F8 /* ViewControllerError.swift */,
				01833383201825360071C380 /* TopNavigationChoiceNavigationController.swift */,
				0138682020198C0900828DE8 /* OrganizationChoiceViewController.swift */,
				013868242019925700828DE8 /* ViewContextHolder.swift */,
			);
			path = Controllers;
			sourceTree = "<group>";
		};
		01AD11861FF4B7AE000DCE81 /* Storyboards */ = {
			isa = PBXGroup;
			children = (
				01AD116E1FF4B5DB000DCE81 /* LaunchScreen.storyboard */,
				01AD11691FF4B5DB000DCE81 /* Welcome.storyboard */,
				011F7D641FF589FC00DCD7CA /* LoginToAccount.storyboard */,
				013F674D2009AC95001B8586 /* Main.storyboard */,
				01024E5C200A923B0030859B /* CreateNewAccount.storyboard */,
				017A158F20104871008553E2 /* TopNavigation.storyboard */,
				017A159520106C6E008553E2 /* TopNavigationChoice.storyboard */,
				017A159920107023008553E2 /* CreateNewSite.storyboard */,
				017A159B20107031008553E2 /* AddNewMeasurement.storyboard */,
				01D2BD7A201194E500260F18 /* Account.storyboard */,
				014B316020145C8B00B81D2C /* SiteMap.storyboard */,
				0138681E201979D300828DE8 /* OrganizationChoice.storyboard */,
			);
			path = Storyboards;
			sourceTree = "<group>";
		};
		01D3B8041FF6226C00EDE896 /* Service */ = {
			isa = PBXGroup;
			children = (
				0131641A2005A8DD0022B788 /* ServiceError.swift */,
				0131642C2005ECF80022B788 /* ServiceManager.swift */,
				015E34AA2006D0A9006A74C7 /* ServiceHelper.swift */,
			);
			path = Service;
			sourceTree = "<group>";
		};
/* End PBXGroup section */

/* Begin PBXNativeTarget section */
		01AD11611FF4B5DB000DCE81 /* ecodatum-ios-client */ = {
			isa = PBXNativeTarget;
			buildConfigurationList = 01AD117F1FF4B5DC000DCE81 /* Build configuration list for PBXNativeTarget "ecodatum-ios-client" */;
			buildPhases = (
				01AD115E1FF4B5DB000DCE81 /* Sources */,
				01AD115F1FF4B5DB000DCE81 /* Frameworks */,
				01AD11601FF4B5DB000DCE81 /* Resources */,
				010AB1851FF71AAD00EFF0D5 /* Carthage Copy Frameworks */,
			);
			buildRules = (
			);
			dependencies = (
			);
			name = "ecodatum-ios-client";
			productName = "ecodatum-ios-client";
			productReference = 01AD11621FF4B5DB000DCE81 /* ecodatum-ios-client.app */;
			productType = "com.apple.product-type.application";
		};
		01AD11751FF4B5DC000DCE81 /* ecodatum-ios-clientTests */ = {
			isa = PBXNativeTarget;
			buildConfigurationList = 01AD11821FF4B5DC000DCE81 /* Build configuration list for PBXNativeTarget "ecodatum-ios-clientTests" */;
			buildPhases = (
				01AD11721FF4B5DC000DCE81 /* Sources */,
				01AD11731FF4B5DC000DCE81 /* Frameworks */,
				01AD11741FF4B5DC000DCE81 /* Resources */,
			);
			buildRules = (
			);
			dependencies = (
				01AD11781FF4B5DC000DCE81 /* PBXTargetDependency */,
			);
			name = "ecodatum-ios-clientTests";
			productName = "ecodatum-ios-clientTests";
			productReference = 01AD11761FF4B5DC000DCE81 /* ecodatum-ios-clientTests.xctest */;
			productType = "com.apple.product-type.bundle.unit-test";
		};
/* End PBXNativeTarget section */

/* Begin PBXProject section */
		01AD115A1FF4B5DB000DCE81 /* Project object */ = {
			isa = PBXProject;
			attributes = {
				LastSwiftUpdateCheck = 0920;
				LastUpgradeCheck = 0920;
				ORGANIZATIONNAME = "Ken Wingerden";
				TargetAttributes = {
					01AD11611FF4B5DB000DCE81 = {
						CreatedOnToolsVersion = 9.2;
						ProvisioningStyle = Automatic;
					};
					01AD11751FF4B5DC000DCE81 = {
						CreatedOnToolsVersion = 9.2;
						ProvisioningStyle = Automatic;
						TestTargetID = 01AD11611FF4B5DB000DCE81;
					};
				};
			};
			buildConfigurationList = 01AD115D1FF4B5DB000DCE81 /* Build configuration list for PBXProject "ecodatum-ios-client" */;
			compatibilityVersion = "Xcode 8.0";
			developmentRegion = en;
			hasScannedForEncodings = 0;
			knownRegions = (
				en,
				Base,
			);
			mainGroup = 01AD11591FF4B5DB000DCE81;
			productRefGroup = 01AD11631FF4B5DB000DCE81 /* Products */;
			projectDirPath = "";
			projectRoot = "";
			targets = (
				01AD11611FF4B5DB000DCE81 /* ecodatum-ios-client */,
				01AD11751FF4B5DC000DCE81 /* ecodatum-ios-clientTests */,
			);
		};
/* End PBXProject section */

/* Begin PBXResourcesBuildPhase section */
		01AD11601FF4B5DB000DCE81 /* Resources */ = {
			isa = PBXResourcesBuildPhase;
			buildActionMask = 2147483647;
			files = (
				01AD11701FF4B5DB000DCE81 /* LaunchScreen.storyboard in Resources */,
				017A159A20107023008553E2 /* CreateNewSite.storyboard in Resources */,
				013F674E2009AC95001B8586 /* Main.storyboard in Resources */,
				01024E5D200A923B0030859B /* CreateNewAccount.storyboard in Resources */,
				017A159C20107031008553E2 /* AddNewMeasurement.storyboard in Resources */,
				0138681F201979D300828DE8 /* OrganizationChoice.storyboard in Resources */,
				017A159620106C6E008553E2 /* TopNavigationChoice.storyboard in Resources */,
				01D2BD7B201194E500260F18 /* Account.storyboard in Resources */,
				017A159020104871008553E2 /* TopNavigation.storyboard in Resources */,
				014B316120145C8B00B81D2C /* SiteMap.storyboard in Resources */,
				011F7D651FF589FC00DCD7CA /* LoginToAccount.storyboard in Resources */,
				01AD116D1FF4B5DB000DCE81 /* Assets.xcassets in Resources */,
				01AD116B1FF4B5DB000DCE81 /* Welcome.storyboard in Resources */,
			);
			runOnlyForDeploymentPostprocessing = 0;
		};
		01AD11741FF4B5DC000DCE81 /* Resources */ = {
			isa = PBXResourcesBuildPhase;
			buildActionMask = 2147483647;
			files = (
			);
			runOnlyForDeploymentPostprocessing = 0;
		};
/* End PBXResourcesBuildPhase section */

/* Begin PBXShellScriptBuildPhase section */
		010AB1851FF71AAD00EFF0D5 /* Carthage Copy Frameworks */ = {
			isa = PBXShellScriptBuildPhase;
			buildActionMask = 2147483647;
			files = (
			);
			inputPaths = (
				"$(SRCROOT)/Carthage/Build/iOS/Alamofire.framework",
				"$(SRCROOT)/Carthage/Build/iOS/AlamofireImage.framework",
				"$(SRCROOT)/Carthage/Build/iOS/AlamofireNetworkActivityIndicator.framework",
				"$(SRCROOT)/Carthage/Build/iOS/AlamofireSwiftyJSON.framework",
				"$(SRCROOT)/Carthage/Build/iOS/GRDB.framework",
				"$(SRCROOT)/Carthage/Build/iOS/GRDBCipher.framework",
				"$(SRCROOT)/Carthage/Build/iOS/GRDBCustomSQLite.framework",
				"$(SRCROOT)/Carthage/Build/iOS/Hydra.framework",
				"$(SRCROOT)/Carthage/Build/iOS/Kingfisher.framework",
				"$(SRCROOT)/Carthage/Build/iOS/SVProgressHUD.framework",
				"$(SRCROOT)/Carthage/Build/iOS/SwiftLocation.framework",
				"$(SRCROOT)/Carthage/Build/iOS/SwiftValidator.framework",
				"$(SRCROOT)/Carthage/Build/iOS/SwiftyBeaver.framework",
				"$(SRCROOT)/Carthage/Build/iOS/SwiftyJSON.framework",
			);
			name = "Carthage Copy Frameworks";
			outputPaths = (
				"$(BUILT_PRODUCTS_DIR)/$(FRAMEWORKS_FOLDER_PATH)/Alamofire.framework",
				"$(BUILT_PRODUCTS_DIR)/$(FRAMEWORKS_FOLDER_PATH)/AlamofireImage.framework",
				"$(BUILT_PRODUCTS_DIR)/$(FRAMEWORKS_FOLDER_PATH)/AlamofireNetworkActivityIndicator.framework",
				"$(BUILT_PRODUCTS_DIR)/$(FRAMEWORKS_FOLDER_PATH)/AlamofireSwiftyJSON.framework",
				"$(BUILT_PRODUCTS_DIR)/$(FRAMEWORKS_FOLDER_PATH)/GRDB.framework",
				"$(BUILT_PRODUCTS_DIR)/$(FRAMEWORKS_FOLDER_PATH)/GRDBCipher.framework",
				"$(BUILT_PRODUCTS_DIR)/$(FRAMEWORKS_FOLDER_PATH)/GRDBCustomSQLite.framework",
				"$(BUILT_PRODUCTS_DIR)/$(FRAMEWORKS_FOLDER_PATH)/Hydra.framework",
				"$(BUILT_PRODUCTS_DIR)/$(FRAMEWORKS_FOLDER_PATH)/Kingfisher.framework",
				"$(BUILT_PRODUCTS_DIR)/$(FRAMEWORKS_FOLDER_PATH)/SVProgressHUD.framework",
				"$(BUILT_PRODUCTS_DIR)/$(FRAMEWORKS_FOLDER_PATH)/SwiftLocation.framework",
				"$(BUILT_PRODUCTS_DIR)/$(FRAMEWORKS_FOLDER_PATH)/SwiftValidator.framework",
				"$(BUILT_PRODUCTS_DIR)/$(FRAMEWORKS_FOLDER_PATH)/SwiftyBeaver.framework",
				"$(BUILT_PRODUCTS_DIR)/$(FRAMEWORKS_FOLDER_PATH)/SwiftyJSON.framework",
			);
			runOnlyForDeploymentPostprocessing = 0;
			shellPath = /bin/sh;
			shellScript = "/usr/local/bin/carthage copy-frameworks";
		};
/* End PBXShellScriptBuildPhase section */

/* Begin PBXSourcesBuildPhase section */
		01AD115E1FF4B5DB000DCE81 /* Sources */ = {
			isa = PBXSourcesBuildPhase;
			buildActionMask = 2147483647;
			files = (
				015E34A52006A8B0006A74C7 /* DatabaseHelper.swift in Sources */,
				0198600420171CAB005067F8 /* ViewControllerError.swift in Sources */,
				01833384201825360071C380 /* TopNavigationChoiceNavigationController.swift in Sources */,
				0131641B2005A8DD0022B788 /* ServiceError.swift in Sources */,
				01CCEC94201583C800D64CE8 /* SVProgressHUD+Defaults.swift in Sources */,
				01CCEC9020154DFD00D64CE8 /* UITextView+Validatable.swift in Sources */,
				010AB1871FF72C4600EFF0D5 /* UIButton+Rounded.swift in Sources */,
				013164312005F1CB0022B788 /* Configuration.swift in Sources */,
				01024E5F200A92C00030859B /* CreateNewAccountViewController.swift in Sources */,
				01563DDF200D8E43009A478A /* NetworkRequest+Response.swift in Sources */,
				01AD11681FF4B5DB000DCE81 /* MainViewController.swift in Sources */,
				011280F2200552B300CF0E6B /* NetworkCall.swift in Sources */,
				013F67562009B1A1001B8586 /* BaseViewController.swift in Sources */,
				01D2BD7D201194F600260F18 /* AccountViewController.swift in Sources */,
				011F7D671FF58A1E00DCD7CA /* LoginToAccountViewController.swift in Sources */,
				0131642F2005ED270022B788 /* NetworkManager.swift in Sources */,
				01D8B2FA1FFC6C5100450470 /* NetworkError.swift in Sources */,
				0131642D2005ECF80022B788 /* ServiceManager.swift in Sources */,
				013164292005C8120022B788 /* PromiseStatus+CheckCancelled.swift in Sources */,
				017A15A020107066008553E2 /* AddNewMeasurementViewController.swift in Sources */,
				01AD11661FF4B5DB000DCE81 /* AppDelegate.swift in Sources */,
				013F67522009AF56001B8586 /* ViewController.swift in Sources */,
				01563DD9200D7D6C009A478A /* DatabaseError.swift in Sources */,
				014B316320145CF300B81D2C /* SiteMapViewController.swift in Sources */,
				013F67502009AD93001B8586 /* WelcomeViewController.swift in Sources */,
				0190E7771FFB69E1006F9B81 /* Request+HTTPHeaders.swift in Sources */,
				01986002201700E2005067F8 /* DatabaseRecord.swift in Sources */,
				01CCEC8C2015498700D64CE8 /* Validator+Transformer.swift in Sources */,
				015E34A92006CFD7006A74C7 /* NetworkHelper.swift in Sources */,
				01D8B2FC1FFC849F00450470 /* DatabaseManager.swift in Sources */,
				01CCEC962015A27400D64CE8 /* ValidatorRule.swift in Sources */,
				01CCEC982015A3A300D64CE8 /* String+ToNumber.swift in Sources */,
				0138682120198C0900828DE8 /* OrganizationChoiceViewController.swift in Sources */,
				018F77641FFB0EAC004421F0 /* Globals.swift in Sources */,
				013868252019925700828DE8 /* ViewContextHolder.swift in Sources */,
				017A159820106C82008553E2 /* TopNavigationChoiceViewController.swift in Sources */,
				017A159E2010704B008553E2 /* CreateNewSiteViewController.swift in Sources */,
				01CCEC8E20154C1200D64CE8 /* UITextView+Rounded.swift in Sources */,
				017A1592201049F0008553E2 /* TopNavigationViewController.swift in Sources */,
				015E34AB2006D0A9006A74C7 /* ServiceHelper.swift in Sources */,
			);
			runOnlyForDeploymentPostprocessing = 0;
		};
		01AD11721FF4B5DC000DCE81 /* Sources */ = {
			isa = PBXSourcesBuildPhase;
			buildActionMask = 2147483647;
			files = (
				018F77681FFB0F18004421F0 /* UserTokenRecord_Test.swift in Sources */,
				0190E7751FFB66BB006F9B81 /* Network_Test.swift in Sources */,
				01AD117B1FF4B5DC000DCE81 /* ecodatum_ios_clientTests.swift in Sources */,
				010AB17F1FF6DFBF00EFF0D5 /* Service_Test.swift in Sources */,
			);
			runOnlyForDeploymentPostprocessing = 0;
		};
/* End PBXSourcesBuildPhase section */

/* Begin PBXTargetDependency section */
		01AD11781FF4B5DC000DCE81 /* PBXTargetDependency */ = {
			isa = PBXTargetDependency;
			target = 01AD11611FF4B5DB000DCE81 /* ecodatum-ios-client */;
			targetProxy = 01AD11771FF4B5DC000DCE81 /* PBXContainerItemProxy */;
		};
/* End PBXTargetDependency section */

/* Begin PBXVariantGroup section */
		01AD11691FF4B5DB000DCE81 /* Welcome.storyboard */ = {
			isa = PBXVariantGroup;
			children = (
				01AD116A1FF4B5DB000DCE81 /* Base */,
			);
			name = Welcome.storyboard;
			sourceTree = "<group>";
		};
		01AD116E1FF4B5DB000DCE81 /* LaunchScreen.storyboard */ = {
			isa = PBXVariantGroup;
			children = (
				01AD116F1FF4B5DB000DCE81 /* Base */,
			);
			name = LaunchScreen.storyboard;
			sourceTree = "<group>";
		};
/* End PBXVariantGroup section */

/* Begin XCBuildConfiguration section */
		01AD117D1FF4B5DC000DCE81 /* Debug */ = {
			isa = XCBuildConfiguration;
			buildSettings = {
				ALWAYS_SEARCH_USER_PATHS = NO;
				CLANG_ANALYZER_NONNULL = YES;
				CLANG_ANALYZER_NUMBER_OBJECT_CONVERSION = YES_AGGRESSIVE;
				CLANG_CXX_LANGUAGE_STANDARD = "gnu++14";
				CLANG_CXX_LIBRARY = "libc++";
				CLANG_ENABLE_MODULES = YES;
				CLANG_ENABLE_OBJC_ARC = YES;
				CLANG_WARN_BLOCK_CAPTURE_AUTORELEASING = YES;
				CLANG_WARN_BOOL_CONVERSION = YES;
				CLANG_WARN_COMMA = YES;
				CLANG_WARN_CONSTANT_CONVERSION = YES;
				CLANG_WARN_DIRECT_OBJC_ISA_USAGE = YES_ERROR;
				CLANG_WARN_DOCUMENTATION_COMMENTS = YES;
				CLANG_WARN_EMPTY_BODY = YES;
				CLANG_WARN_ENUM_CONVERSION = YES;
				CLANG_WARN_INFINITE_RECURSION = YES;
				CLANG_WARN_INT_CONVERSION = YES;
				CLANG_WARN_NON_LITERAL_NULL_CONVERSION = YES;
				CLANG_WARN_OBJC_LITERAL_CONVERSION = YES;
				CLANG_WARN_OBJC_ROOT_CLASS = YES_ERROR;
				CLANG_WARN_RANGE_LOOP_ANALYSIS = YES;
				CLANG_WARN_STRICT_PROTOTYPES = YES;
				CLANG_WARN_SUSPICIOUS_MOVE = YES;
				CLANG_WARN_UNGUARDED_AVAILABILITY = YES_AGGRESSIVE;
				CLANG_WARN_UNREACHABLE_CODE = YES;
				CLANG_WARN__DUPLICATE_METHOD_MATCH = YES;
				CODE_SIGN_IDENTITY = "iPhone Developer";
				COPY_PHASE_STRIP = NO;
				DEBUG_INFORMATION_FORMAT = dwarf;
				ENABLE_STRICT_OBJC_MSGSEND = YES;
				ENABLE_TESTABILITY = YES;
				GCC_C_LANGUAGE_STANDARD = gnu11;
				GCC_DYNAMIC_NO_PIC = NO;
				GCC_NO_COMMON_BLOCKS = YES;
				GCC_OPTIMIZATION_LEVEL = 0;
				GCC_PREPROCESSOR_DEFINITIONS = (
					"DEBUG=1",
					"$(inherited)",
				);
				GCC_WARN_64_TO_32_BIT_CONVERSION = YES;
				GCC_WARN_ABOUT_RETURN_TYPE = YES_ERROR;
				GCC_WARN_UNDECLARED_SELECTOR = YES;
				GCC_WARN_UNINITIALIZED_AUTOS = YES_AGGRESSIVE;
				GCC_WARN_UNUSED_FUNCTION = YES;
				GCC_WARN_UNUSED_VARIABLE = YES;
				IPHONEOS_DEPLOYMENT_TARGET = 11.2;
				MTL_ENABLE_DEBUG_INFO = YES;
				ONLY_ACTIVE_ARCH = YES;
				SDKROOT = iphoneos;
				SWIFT_ACTIVE_COMPILATION_CONDITIONS = DEBUG;
				SWIFT_OPTIMIZATION_LEVEL = "-Onone";
			};
			name = Debug;
		};
		01AD117E1FF4B5DC000DCE81 /* Release */ = {
			isa = XCBuildConfiguration;
			buildSettings = {
				ALWAYS_SEARCH_USER_PATHS = NO;
				CLANG_ANALYZER_NONNULL = YES;
				CLANG_ANALYZER_NUMBER_OBJECT_CONVERSION = YES_AGGRESSIVE;
				CLANG_CXX_LANGUAGE_STANDARD = "gnu++14";
				CLANG_CXX_LIBRARY = "libc++";
				CLANG_ENABLE_MODULES = YES;
				CLANG_ENABLE_OBJC_ARC = YES;
				CLANG_WARN_BLOCK_CAPTURE_AUTORELEASING = YES;
				CLANG_WARN_BOOL_CONVERSION = YES;
				CLANG_WARN_COMMA = YES;
				CLANG_WARN_CONSTANT_CONVERSION = YES;
				CLANG_WARN_DIRECT_OBJC_ISA_USAGE = YES_ERROR;
				CLANG_WARN_DOCUMENTATION_COMMENTS = YES;
				CLANG_WARN_EMPTY_BODY = YES;
				CLANG_WARN_ENUM_CONVERSION = YES;
				CLANG_WARN_INFINITE_RECURSION = YES;
				CLANG_WARN_INT_CONVERSION = YES;
				CLANG_WARN_NON_LITERAL_NULL_CONVERSION = YES;
				CLANG_WARN_OBJC_LITERAL_CONVERSION = YES;
				CLANG_WARN_OBJC_ROOT_CLASS = YES_ERROR;
				CLANG_WARN_RANGE_LOOP_ANALYSIS = YES;
				CLANG_WARN_STRICT_PROTOTYPES = YES;
				CLANG_WARN_SUSPICIOUS_MOVE = YES;
				CLANG_WARN_UNGUARDED_AVAILABILITY = YES_AGGRESSIVE;
				CLANG_WARN_UNREACHABLE_CODE = YES;
				CLANG_WARN__DUPLICATE_METHOD_MATCH = YES;
				CODE_SIGN_IDENTITY = "iPhone Developer";
				COPY_PHASE_STRIP = NO;
				DEBUG_INFORMATION_FORMAT = "dwarf-with-dsym";
				ENABLE_NS_ASSERTIONS = NO;
				ENABLE_STRICT_OBJC_MSGSEND = YES;
				GCC_C_LANGUAGE_STANDARD = gnu11;
				GCC_NO_COMMON_BLOCKS = YES;
				GCC_WARN_64_TO_32_BIT_CONVERSION = YES;
				GCC_WARN_ABOUT_RETURN_TYPE = YES_ERROR;
				GCC_WARN_UNDECLARED_SELECTOR = YES;
				GCC_WARN_UNINITIALIZED_AUTOS = YES_AGGRESSIVE;
				GCC_WARN_UNUSED_FUNCTION = YES;
				GCC_WARN_UNUSED_VARIABLE = YES;
				IPHONEOS_DEPLOYMENT_TARGET = 11.2;
				MTL_ENABLE_DEBUG_INFO = NO;
				SDKROOT = iphoneos;
				SWIFT_OPTIMIZATION_LEVEL = "-Owholemodule";
				VALIDATE_PRODUCT = YES;
			};
			name = Release;
		};
		01AD11801FF4B5DC000DCE81 /* Debug */ = {
			isa = XCBuildConfiguration;
			buildSettings = {
				ASSETCATALOG_COMPILER_APPICON_NAME = AppIcon;
				CODE_SIGN_STYLE = Automatic;
				DEVELOPMENT_TEAM = 2T69Q77ERZ;
				FRAMEWORK_SEARCH_PATHS = (
					"$(inherited)",
					"$(PROJECT_DIR)/Carthage/Build/iOS",
				);
				INFOPLIST_FILE = "ecodatum-ios-client/Info.plist";
				IPHONEOS_DEPLOYMENT_TARGET = 11.2;
				LD_RUNPATH_SEARCH_PATHS = "$(inherited) @executable_path/Frameworks";
				PRODUCT_BUNDLE_IDENTIFIER = org.ecodatum.EcoDatum;
				PRODUCT_NAME = "$(TARGET_NAME)";
				SWIFT_VERSION = 4.0;
				TARGETED_DEVICE_FAMILY = 2;
			};
			name = Debug;
		};
		01AD11811FF4B5DC000DCE81 /* Release */ = {
			isa = XCBuildConfiguration;
			buildSettings = {
				ASSETCATALOG_COMPILER_APPICON_NAME = AppIcon;
				CODE_SIGN_STYLE = Automatic;
				DEVELOPMENT_TEAM = 2T69Q77ERZ;
				FRAMEWORK_SEARCH_PATHS = (
					"$(inherited)",
					"$(PROJECT_DIR)/Carthage/Build/iOS",
				);
				INFOPLIST_FILE = "ecodatum-ios-client/Info.plist";
				IPHONEOS_DEPLOYMENT_TARGET = 11.2;
				LD_RUNPATH_SEARCH_PATHS = "$(inherited) @executable_path/Frameworks";
				PRODUCT_BUNDLE_IDENTIFIER = org.ecodatum.EcoDatum;
				PRODUCT_NAME = "$(TARGET_NAME)";
				SWIFT_VERSION = 4.0;
				TARGETED_DEVICE_FAMILY = 2;
			};
			name = Release;
		};
		01AD11831FF4B5DC000DCE81 /* Debug */ = {
			isa = XCBuildConfiguration;
			buildSettings = {
				ALWAYS_EMBED_SWIFT_STANDARD_LIBRARIES = YES;
				BUNDLE_LOADER = "$(TEST_HOST)";
				CODE_SIGN_STYLE = Automatic;
				DEVELOPMENT_TEAM = 2T69Q77ERZ;
				FRAMEWORK_SEARCH_PATHS = (
					"$(inherited)",
					"$(PROJECT_DIR)/Carthage/Build/iOS",
				);
				INFOPLIST_FILE = "ecodatum-ios-clientTests/Info.plist";
				LD_RUNPATH_SEARCH_PATHS = "$(inherited) @executable_path/Frameworks @loader_path/Frameworks";
				PRODUCT_BUNDLE_IDENTIFIER = "org.ecodatum.ecodatum-ios-clientTests";
				PRODUCT_NAME = "$(TARGET_NAME)";
				SWIFT_VERSION = 4.0;
				TARGETED_DEVICE_FAMILY = "1,2";
				TEST_HOST = "$(BUILT_PRODUCTS_DIR)/ecodatum-ios-client.app/ecodatum-ios-client";
			};
			name = Debug;
		};
		01AD11841FF4B5DC000DCE81 /* Release */ = {
			isa = XCBuildConfiguration;
			buildSettings = {
				ALWAYS_EMBED_SWIFT_STANDARD_LIBRARIES = YES;
				BUNDLE_LOADER = "$(TEST_HOST)";
				CODE_SIGN_STYLE = Automatic;
				DEVELOPMENT_TEAM = 2T69Q77ERZ;
				FRAMEWORK_SEARCH_PATHS = (
					"$(inherited)",
					"$(PROJECT_DIR)/Carthage/Build/iOS",
				);
				INFOPLIST_FILE = "ecodatum-ios-clientTests/Info.plist";
				LD_RUNPATH_SEARCH_PATHS = "$(inherited) @executable_path/Frameworks @loader_path/Frameworks";
				PRODUCT_BUNDLE_IDENTIFIER = "org.ecodatum.ecodatum-ios-clientTests";
				PRODUCT_NAME = "$(TARGET_NAME)";
				SWIFT_VERSION = 4.0;
				TARGETED_DEVICE_FAMILY = "1,2";
				TEST_HOST = "$(BUILT_PRODUCTS_DIR)/ecodatum-ios-client.app/ecodatum-ios-client";
			};
			name = Release;
		};
/* End XCBuildConfiguration section */

/* Begin XCConfigurationList section */
		01AD115D1FF4B5DB000DCE81 /* Build configuration list for PBXProject "ecodatum-ios-client" */ = {
			isa = XCConfigurationList;
			buildConfigurations = (
				01AD117D1FF4B5DC000DCE81 /* Debug */,
				01AD117E1FF4B5DC000DCE81 /* Release */,
			);
			defaultConfigurationIsVisible = 0;
			defaultConfigurationName = Release;
		};
		01AD117F1FF4B5DC000DCE81 /* Build configuration list for PBXNativeTarget "ecodatum-ios-client" */ = {
			isa = XCConfigurationList;
			buildConfigurations = (
				01AD11801FF4B5DC000DCE81 /* Debug */,
				01AD11811FF4B5DC000DCE81 /* Release */,
			);
			defaultConfigurationIsVisible = 0;
			defaultConfigurationName = Release;
		};
		01AD11821FF4B5DC000DCE81 /* Build configuration list for PBXNativeTarget "ecodatum-ios-clientTests" */ = {
			isa = XCConfigurationList;
			buildConfigurations = (
				01AD11831FF4B5DC000DCE81 /* Debug */,
				01AD11841FF4B5DC000DCE81 /* Release */,
			);
			defaultConfigurationIsVisible = 0;
			defaultConfigurationName = Release;
		};
/* End XCConfigurationList section */
	};
	rootObject = 01AD115A1FF4B5DB000DCE81 /* Project object */;
}
