// !$*UTF8*$!
{
	archiveVersion = 1;
	classes = {
	};
	objectVersion = 48;
	objects = {

/* Begin PBXBuildFile section */
		011F7D651FF589FC00DCD7CA /* LoginToMyAccount.storyboard in Resources */ = {isa = PBXBuildFile; fileRef = 011F7D641FF589FC00DCD7CA /* LoginToMyAccount.storyboard */; };
		011F7D671FF58A1E00DCD7CA /* LoginToMyAccountController.swift in Sources */ = {isa = PBXBuildFile; fileRef = 011F7D661FF58A1E00DCD7CA /* LoginToMyAccountController.swift */; };
		011F7D6A1FF5955700DCD7CA /* Networking.swift in Sources */ = {isa = PBXBuildFile; fileRef = 011F7D691FF5955700DCD7CA /* Networking.swift */; };
		01AD11661FF4B5DB000DCE81 /* AppDelegate.swift in Sources */ = {isa = PBXBuildFile; fileRef = 01AD11651FF4B5DB000DCE81 /* AppDelegate.swift */; };
		01AD11681FF4B5DB000DCE81 /* MainViewController.swift in Sources */ = {isa = PBXBuildFile; fileRef = 01AD11671FF4B5DB000DCE81 /* MainViewController.swift */; };
		01AD116B1FF4B5DB000DCE81 /* Main.storyboard in Resources */ = {isa = PBXBuildFile; fileRef = 01AD11691FF4B5DB000DCE81 /* Main.storyboard */; };
		01AD116D1FF4B5DB000DCE81 /* Assets.xcassets in Resources */ = {isa = PBXBuildFile; fileRef = 01AD116C1FF4B5DB000DCE81 /* Assets.xcassets */; };
		01AD11701FF4B5DB000DCE81 /* LaunchScreen.storyboard in Resources */ = {isa = PBXBuildFile; fileRef = 01AD116E1FF4B5DB000DCE81 /* LaunchScreen.storyboard */; };
		01AD117B1FF4B5DC000DCE81 /* ecodatum_ios_clientTests.swift in Sources */ = {isa = PBXBuildFile; fileRef = 01AD117A1FF4B5DC000DCE81 /* ecodatum_ios_clientTests.swift */; };
		01D3B8061FF6228700EDE896 /* LoginService.swift in Sources */ = {isa = PBXBuildFile; fileRef = 01D3B8051FF6228700EDE896 /* LoginService.swift */; };
/* End PBXBuildFile section */

/* Begin PBXContainerItemProxy section */
		01AD11771FF4B5DC000DCE81 /* PBXContainerItemProxy */ = {
			isa = PBXContainerItemProxy;
			containerPortal = 01AD115A1FF4B5DB000DCE81 /* Project object */;
			proxyType = 1;
			remoteGlobalIDString = 01AD11611FF4B5DB000DCE81;
			remoteInfo = "ecodatum-ios-client";
		};
/* End PBXContainerItemProxy section */

/* Begin PBXFileReference section */
		011F7D641FF589FC00DCD7CA /* LoginToMyAccount.storyboard */ = {isa = PBXFileReference; lastKnownFileType = file.storyboard; path = LoginToMyAccount.storyboard; sourceTree = "<group>"; };
		011F7D661FF58A1E00DCD7CA /* LoginToMyAccountController.swift */ = {isa = PBXFileReference; lastKnownFileType = sourcecode.swift; path = LoginToMyAccountController.swift; sourceTree = "<group>"; };
		011F7D691FF5955700DCD7CA /* Networking.swift */ = {isa = PBXFileReference; lastKnownFileType = sourcecode.swift; path = Networking.swift; sourceTree = "<group>"; };
		01AD11621FF4B5DB000DCE81 /* ecodatum-ios-client.app */ = {isa = PBXFileReference; explicitFileType = wrapper.application; includeInIndex = 0; path = "ecodatum-ios-client.app"; sourceTree = BUILT_PRODUCTS_DIR; };
		01AD11651FF4B5DB000DCE81 /* AppDelegate.swift */ = {isa = PBXFileReference; lastKnownFileType = sourcecode.swift; path = AppDelegate.swift; sourceTree = "<group>"; };
		01AD11671FF4B5DB000DCE81 /* MainViewController.swift */ = {isa = PBXFileReference; lastKnownFileType = sourcecode.swift; path = MainViewController.swift; sourceTree = "<group>"; };
		01AD116A1FF4B5DB000DCE81 /* Base */ = {isa = PBXFileReference; lastKnownFileType = file.storyboard; name = Base; path = Base.lproj/Main.storyboard; sourceTree = "<group>"; };
		01AD116C1FF4B5DB000DCE81 /* Assets.xcassets */ = {isa = PBXFileReference; lastKnownFileType = folder.assetcatalog; path = Assets.xcassets; sourceTree = "<group>"; };
		01AD116F1FF4B5DB000DCE81 /* Base */ = {isa = PBXFileReference; lastKnownFileType = file.storyboard; name = Base; path = Base.lproj/LaunchScreen.storyboard; sourceTree = "<group>"; };
		01AD11711FF4B5DB000DCE81 /* Info.plist */ = {isa = PBXFileReference; lastKnownFileType = text.plist.xml; path = Info.plist; sourceTree = "<group>"; };
		01AD11761FF4B5DC000DCE81 /* ecodatum-ios-clientTests.xctest */ = {isa = PBXFileReference; explicitFileType = wrapper.cfbundle; includeInIndex = 0; path = "ecodatum-ios-clientTests.xctest"; sourceTree = BUILT_PRODUCTS_DIR; };
		01AD117A1FF4B5DC000DCE81 /* ecodatum_ios_clientTests.swift */ = {isa = PBXFileReference; lastKnownFileType = sourcecode.swift; path = ecodatum_ios_clientTests.swift; sourceTree = "<group>"; };
		01AD117C1FF4B5DC000DCE81 /* Info.plist */ = {isa = PBXFileReference; lastKnownFileType = text.plist.xml; path = Info.plist; sourceTree = "<group>"; };
		01D3B8051FF6228700EDE896 /* LoginService.swift */ = {isa = PBXFileReference; lastKnownFileType = sourcecode.swift; path = LoginService.swift; sourceTree = "<group>"; };
/* End PBXFileReference section */

/* Begin PBXFrameworksBuildPhase section */
		01AD115F1FF4B5DB000DCE81 /* Frameworks */ = {
			isa = PBXFrameworksBuildPhase;
			buildActionMask = 2147483647;
			files = (
			);
			runOnlyForDeploymentPostprocessing = 0;
		};
		01AD11731FF4B5DC000DCE81 /* Frameworks */ = {
			isa = PBXFrameworksBuildPhase;
			buildActionMask = 2147483647;
			files = (
			);
			runOnlyForDeploymentPostprocessing = 0;
		};
/* End PBXFrameworksBuildPhase section */

/* Begin PBXGroup section */
		011F7D681FF5951200DCD7CA /* Utilities */ = {
			isa = PBXGroup;
			children = (
				011F7D691FF5955700DCD7CA /* Networking.swift */,
			);
			path = Utilities;
			sourceTree = "<group>";
		};
		01AD11591FF4B5DB000DCE81 = {
			isa = PBXGroup;
			children = (
				01AD11641FF4B5DB000DCE81 /* ecodatum-ios-client */,
				01AD11791FF4B5DC000DCE81 /* ecodatum-ios-clientTests */,
				01AD11631FF4B5DB000DCE81 /* Products */,
			);
			sourceTree = "<group>";
		};
		01AD11631FF4B5DB000DCE81 /* Products */ = {
			isa = PBXGroup;
			children = (
				01AD11621FF4B5DB000DCE81 /* ecodatum-ios-client.app */,
				01AD11761FF4B5DC000DCE81 /* ecodatum-ios-clientTests.xctest */,
			);
			name = Products;
			sourceTree = "<group>";
		};
		01AD11641FF4B5DB000DCE81 /* ecodatum-ios-client */ = {
			isa = PBXGroup;
			children = (
				01D3B8041FF6226C00EDE896 /* Services */,
				011F7D681FF5951200DCD7CA /* Utilities */,
				01AD11861FF4B7AE000DCE81 /* Storyboards */,
				01AD11851FF4B78F000DCE81 /* Controllers */,
				01AD11651FF4B5DB000DCE81 /* AppDelegate.swift */,
				01AD116C1FF4B5DB000DCE81 /* Assets.xcassets */,
				01AD11711FF4B5DB000DCE81 /* Info.plist */,
			);
			path = "ecodatum-ios-client";
			sourceTree = "<group>";
		};
		01AD11791FF4B5DC000DCE81 /* ecodatum-ios-clientTests */ = {
			isa = PBXGroup;
			children = (
				01AD117A1FF4B5DC000DCE81 /* ecodatum_ios_clientTests.swift */,
				01AD117C1FF4B5DC000DCE81 /* Info.plist */,
			);
			path = "ecodatum-ios-clientTests";
			sourceTree = "<group>";
		};
		01AD11851FF4B78F000DCE81 /* Controllers */ = {
			isa = PBXGroup;
			children = (
				01AD11671FF4B5DB000DCE81 /* MainViewController.swift */,
				011F7D661FF58A1E00DCD7CA /* LoginToMyAccountController.swift */,
			);
			path = Controllers;
			sourceTree = "<group>";
		};
		01AD11861FF4B7AE000DCE81 /* Storyboards */ = {
			isa = PBXGroup;
			children = (
				01AD116E1FF4B5DB000DCE81 /* LaunchScreen.storyboard */,
				01AD11691FF4B5DB000DCE81 /* Main.storyboard */,
				011F7D641FF589FC00DCD7CA /* LoginToMyAccount.storyboard */,
			);
			path = Storyboards;
			sourceTree = "<group>";
		};
		01D3B8041FF6226C00EDE896 /* Services */ = {
			isa = PBXGroup;
			children = (
				01D3B8051FF6228700EDE896 /* LoginService.swift */,
			);
			path = Services;
			sourceTree = "<group>";
		};
/* End PBXGroup section */

/* Begin PBXNativeTarget section */
		01AD11611FF4B5DB000DCE81 /* ecodatum-ios-client */ = {
			isa = PBXNativeTarget;
			buildConfigurationList = 01AD117F1FF4B5DC000DCE81 /* Build configuration list for PBXNativeTarget "ecodatum-ios-client" */;
			buildPhases = (
				01AD115E1FF4B5DB000DCE81 /* Sources */,
				01AD115F1FF4B5DB000DCE81 /* Frameworks */,
				01AD11601FF4B5DB000DCE81 /* Resources */,
			);
			buildRules = (
			);
			dependencies = (
			);
			name = "ecodatum-ios-client";
			productName = "ecodatum-ios-client";
			productReference = 01AD11621FF4B5DB000DCE81 /* ecodatum-ios-client.app */;
			productType = "com.apple.product-type.application";
		};
		01AD11751FF4B5DC000DCE81 /* ecodatum-ios-clientTests */ = {
			isa = PBXNativeTarget;
			buildConfigurationList = 01AD11821FF4B5DC000DCE81 /* Build configuration list for PBXNativeTarget "ecodatum-ios-clientTests" */;
			buildPhases = (
				01AD11721FF4B5DC000DCE81 /* Sources */,
				01AD11731FF4B5DC000DCE81 /* Frameworks */,
				01AD11741FF4B5DC000DCE81 /* Resources */,
			);
			buildRules = (
			);
			dependencies = (
				01AD11781FF4B5DC000DCE81 /* PBXTargetDependency */,
			);
			name = "ecodatum-ios-clientTests";
			productName = "ecodatum-ios-clientTests";
			productReference = 01AD11761FF4B5DC000DCE81 /* ecodatum-ios-clientTests.xctest */;
			productType = "com.apple.product-type.bundle.unit-test";
		};
/* End PBXNativeTarget section */

/* Begin PBXProject section */
		01AD115A1FF4B5DB000DCE81 /* Project object */ = {
			isa = PBXProject;
			attributes = {
				LastSwiftUpdateCheck = 0920;
				LastUpgradeCheck = 0920;
				ORGANIZATIONNAME = "Ken Wingerden";
				TargetAttributes = {
					01AD11611FF4B5DB000DCE81 = {
						CreatedOnToolsVersion = 9.2;
						ProvisioningStyle = Automatic;
					};
					01AD11751FF4B5DC000DCE81 = {
						CreatedOnToolsVersion = 9.2;
						ProvisioningStyle = Automatic;
						TestTargetID = 01AD11611FF4B5DB000DCE81;
					};
				};
			};
			buildConfigurationList = 01AD115D1FF4B5DB000DCE81 /* Build configuration list for PBXProject "ecodatum-ios-client" */;
			compatibilityVersion = "Xcode 8.0";
			developmentRegion = en;
			hasScannedForEncodings = 0;
			knownRegions = (
				en,
				Base,
			);
			mainGroup = 01AD11591FF4B5DB000DCE81;
			productRefGroup = 01AD11631FF4B5DB000DCE81 /* Products */;
			projectDirPath = "";
			projectRoot = "";
			targets = (
				01AD11611FF4B5DB000DCE81 /* ecodatum-ios-client */,
				01AD11751FF4B5DC000DCE81 /* ecodatum-ios-clientTests */,
			);
		};
/* End PBXProject section */

/* Begin PBXResourcesBuildPhase section */
		01AD11601FF4B5DB000DCE81 /* Resources */ = {
			isa = PBXResourcesBuildPhase;
			buildActionMask = 2147483647;
			files = (
				01AD11701FF4B5DB000DCE81 /* LaunchScreen.storyboard in Resources */,
				011F7D651FF589FC00DCD7CA /* LoginToMyAccount.storyboard in Resources */,
				01AD116D1FF4B5DB000DCE81 /* Assets.xcassets in Resources */,
				01AD116B1FF4B5DB000DCE81 /* Main.storyboard in Resources */,
			);
			runOnlyForDeploymentPostprocessing = 0;
		};
		01AD11741FF4B5DC000DCE81 /* Resources */ = {
			isa = PBXResourcesBuildPhase;
			buildActionMask = 2147483647;
			files = (
			);
			runOnlyForDeploymentPostprocessing = 0;
		};
/* End PBXResourcesBuildPhase section */

/* Begin PBXSourcesBuildPhase section */
		01AD115E1FF4B5DB000DCE81 /* Sources */ = {
			isa = PBXSourcesBuildPhase;
			buildActionMask = 2147483647;
			files = (
				01AD11681FF4B5DB000DCE81 /* MainViewController.swift in Sources */,
				011F7D671FF58A1E00DCD7CA /* LoginToMyAccountController.swift in Sources */,
				01D3B8061FF6228700EDE896 /* LoginService.swift in Sources */,
				01AD11661FF4B5DB000DCE81 /* AppDelegate.swift in Sources */,
				011F7D6A1FF5955700DCD7CA /* Networking.swift in Sources */,
			);
			runOnlyForDeploymentPostprocessing = 0;
		};
		01AD11721FF4B5DC000DCE81 /* Sources */ = {
			isa = PBXSourcesBuildPhase;
			buildActionMask = 2147483647;
			files = (
				01AD117B1FF4B5DC000DCE81 /* ecodatum_ios_clientTests.swift in Sources */,
			);
			runOnlyForDeploymentPostprocessing = 0;
		};
/* End PBXSourcesBuildPhase section */

/* Begin PBXTargetDependency section */
		01AD11781FF4B5DC000DCE81 /* PBXTargetDependency */ = {
			isa = PBXTargetDependency;
			target = 01AD11611FF4B5DB000DCE81 /* ecodatum-ios-client */;
			targetProxy = 01AD11771FF4B5DC000DCE81 /* PBXContainerItemProxy */;
		};
/* End PBXTargetDependency section */

/* Begin PBXVariantGroup section */
		01AD11691FF4B5DB000DCE81 /* Main.storyboard */ = {
			isa = PBXVariantGroup;
			children = (
				01AD116A1FF4B5DB000DCE81 /* Base */,
			);
			name = Main.storyboard;
			sourceTree = "<group>";
		};
		01AD116E1FF4B5DB000DCE81 /* LaunchScreen.storyboard */ = {
			isa = PBXVariantGroup;
			children = (
				01AD116F1FF4B5DB000DCE81 /* Base */,
			);
			name = LaunchScreen.storyboard;
			sourceTree = "<group>";
		};
/* End PBXVariantGroup section */

/* Begin XCBuildConfiguration section */
		01AD117D1FF4B5DC000DCE81 /* Debug */ = {
			isa = XCBuildConfiguration;
			buildSettings = {
				ALWAYS_SEARCH_USER_PATHS = NO;
				CLANG_ANALYZER_NONNULL = YES;
				CLANG_ANALYZER_NUMBER_OBJECT_CONVERSION = YES_AGGRESSIVE;
				CLANG_CXX_LANGUAGE_STANDARD = "gnu++14";
				CLANG_CXX_LIBRARY = "libc++";
				CLANG_ENABLE_MODULES = YES;
				CLANG_ENABLE_OBJC_ARC = YES;
				CLANG_WARN_BLOCK_CAPTURE_AUTORELEASING = YES;
				CLANG_WARN_BOOL_CONVERSION = YES;
				CLANG_WARN_COMMA = YES;
				CLANG_WARN_CONSTANT_CONVERSION = YES;
				CLANG_WARN_DIRECT_OBJC_ISA_USAGE = YES_ERROR;
				CLANG_WARN_DOCUMENTATION_COMMENTS = YES;
				CLANG_WARN_EMPTY_BODY = YES;
				CLANG_WARN_ENUM_CONVERSION = YES;
				CLANG_WARN_INFINITE_RECURSION = YES;
				CLANG_WARN_INT_CONVERSION = YES;
				CLANG_WARN_NON_LITERAL_NULL_CONVERSION = YES;
				CLANG_WARN_OBJC_LITERAL_CONVERSION = YES;
				CLANG_WARN_OBJC_ROOT_CLASS = YES_ERROR;
				CLANG_WARN_RANGE_LOOP_ANALYSIS = YES;
				CLANG_WARN_STRICT_PROTOTYPES = YES;
				CLANG_WARN_SUSPICIOUS_MOVE = YES;
				CLANG_WARN_UNGUARDED_AVAILABILITY = YES_AGGRESSIVE;
				CLANG_WARN_UNREACHABLE_CODE = YES;
				CLANG_WARN__DUPLICATE_METHOD_MATCH = YES;
				CODE_SIGN_IDENTITY = "iPhone Developer";
				COPY_PHASE_STRIP = NO;
				DEBUG_INFORMATION_FORMAT = dwarf;
				ENABLE_STRICT_OBJC_MSGSEND = YES;
				ENABLE_TESTABILITY = YES;
				GCC_C_LANGUAGE_STANDARD = gnu11;
				GCC_DYNAMIC_NO_PIC = NO;
				GCC_NO_COMMON_BLOCKS = YES;
				GCC_OPTIMIZATION_LEVEL = 0;
				GCC_PREPROCESSOR_DEFINITIONS = (
					"DEBUG=1",
					"$(inherited)",
				);
				GCC_WARN_64_TO_32_BIT_CONVERSION = YES;
				GCC_WARN_ABOUT_RETURN_TYPE = YES_ERROR;
				GCC_WARN_UNDECLARED_SELECTOR = YES;
				GCC_WARN_UNINITIALIZED_AUTOS = YES_AGGRESSIVE;
				GCC_WARN_UNUSED_FUNCTION = YES;
				GCC_WARN_UNUSED_VARIABLE = YES;
				IPHONEOS_DEPLOYMENT_TARGET = 11.2;
				MTL_ENABLE_DEBUG_INFO = YES;
				ONLY_ACTIVE_ARCH = YES;
				SDKROOT = iphoneos;
				SWIFT_ACTIVE_COMPILATION_CONDITIONS = DEBUG;
				SWIFT_OPTIMIZATION_LEVEL = "-Onone";
			};
			name = Debug;
		};
		01AD117E1FF4B5DC000DCE81 /* Release */ = {
			isa = XCBuildConfiguration;
			buildSettings = {
				ALWAYS_SEARCH_USER_PATHS = NO;
				CLANG_ANALYZER_NONNULL = YES;
				CLANG_ANALYZER_NUMBER_OBJECT_CONVERSION = YES_AGGRESSIVE;
				CLANG_CXX_LANGUAGE_STANDARD = "gnu++14";
				CLANG_CXX_LIBRARY = "libc++";
				CLANG_ENABLE_MODULES = YES;
				CLANG_ENABLE_OBJC_ARC = YES;
				CLANG_WARN_BLOCK_CAPTURE_AUTORELEASING = YES;
				CLANG_WARN_BOOL_CONVERSION = YES;
				CLANG_WARN_COMMA = YES;
				CLANG_WARN_CONSTANT_CONVERSION = YES;
				CLANG_WARN_DIRECT_OBJC_ISA_USAGE = YES_ERROR;
				CLANG_WARN_DOCUMENTATION_COMMENTS = YES;
				CLANG_WARN_EMPTY_BODY = YES;
				CLANG_WARN_ENUM_CONVERSION = YES;
				CLANG_WARN_INFINITE_RECURSION = YES;
				CLANG_WARN_INT_CONVERSION = YES;
				CLANG_WARN_NON_LITERAL_NULL_CONVERSION = YES;
				CLANG_WARN_OBJC_LITERAL_CONVERSION = YES;
				CLANG_WARN_OBJC_ROOT_CLASS = YES_ERROR;
				CLANG_WARN_RANGE_LOOP_ANALYSIS = YES;
				CLANG_WARN_STRICT_PROTOTYPES = YES;
				CLANG_WARN_SUSPICIOUS_MOVE = YES;
				CLANG_WARN_UNGUARDED_AVAILABILITY = YES_AGGRESSIVE;
				CLANG_WARN_UNREACHABLE_CODE = YES;
				CLANG_WARN__DUPLICATE_METHOD_MATCH = YES;
				CODE_SIGN_IDENTITY = "iPhone Developer";
				COPY_PHASE_STRIP = NO;
				DEBUG_INFORMATION_FORMAT = "dwarf-with-dsym";
				ENABLE_NS_ASSERTIONS = NO;
				ENABLE_STRICT_OBJC_MSGSEND = YES;
				GCC_C_LANGUAGE_STANDARD = gnu11;
				GCC_NO_COMMON_BLOCKS = YES;
				GCC_WARN_64_TO_32_BIT_CONVERSION = YES;
				GCC_WARN_ABOUT_RETURN_TYPE = YES_ERROR;
				GCC_WARN_UNDECLARED_SELECTOR = YES;
				GCC_WARN_UNINITIALIZED_AUTOS = YES_AGGRESSIVE;
				GCC_WARN_UNUSED_FUNCTION = YES;
				GCC_WARN_UNUSED_VARIABLE = YES;
				IPHONEOS_DEPLOYMENT_TARGET = 11.2;
				MTL_ENABLE_DEBUG_INFO = NO;
				SDKROOT = iphoneos;
				SWIFT_OPTIMIZATION_LEVEL = "-Owholemodule";
				VALIDATE_PRODUCT = YES;
			};
			name = Release;
		};
		01AD11801FF4B5DC000DCE81 /* Debug */ = {
			isa = XCBuildConfiguration;
			buildSettings = {
				ASSETCATALOG_COMPILER_APPICON_NAME = AppIcon;
				CODE_SIGN_STYLE = Automatic;
				DEVELOPMENT_TEAM = 2T69Q77ERZ;
				INFOPLIST_FILE = "ecodatum-ios-client/Info.plist";
				IPHONEOS_DEPLOYMENT_TARGET = 11.2;
				LD_RUNPATH_SEARCH_PATHS = "$(inherited) @executable_path/Frameworks";
				PRODUCT_BUNDLE_IDENTIFIER = org.ecodatum.EcoDatum;
				PRODUCT_NAME = "$(TARGET_NAME)";
				SWIFT_VERSION = 4.0;
				TARGETED_DEVICE_FAMILY = 2;
			};
			name = Debug;
		};
		01AD11811FF4B5DC000DCE81 /* Release */ = {
			isa = XCBuildConfiguration;
			buildSettings = {
				ASSETCATALOG_COMPILER_APPICON_NAME = AppIcon;
				CODE_SIGN_STYLE = Automatic;
				DEVELOPMENT_TEAM = 2T69Q77ERZ;
				INFOPLIST_FILE = "ecodatum-ios-client/Info.plist";
				IPHONEOS_DEPLOYMENT_TARGET = 11.2;
				LD_RUNPATH_SEARCH_PATHS = "$(inherited) @executable_path/Frameworks";
				PRODUCT_BUNDLE_IDENTIFIER = org.ecodatum.EcoDatum;
				PRODUCT_NAME = "$(TARGET_NAME)";
				SWIFT_VERSION = 4.0;
				TARGETED_DEVICE_FAMILY = 2;
			};
			name = Release;
		};
		01AD11831FF4B5DC000DCE81 /* Debug */ = {
			isa = XCBuildConfiguration;
			buildSettings = {
				ALWAYS_EMBED_SWIFT_STANDARD_LIBRARIES = YES;
				BUNDLE_LOADER = "$(TEST_HOST)";
				CODE_SIGN_STYLE = Automatic;
				DEVELOPMENT_TEAM = 2T69Q77ERZ;
				INFOPLIST_FILE = "ecodatum-ios-clientTests/Info.plist";
				LD_RUNPATH_SEARCH_PATHS = "$(inherited) @executable_path/Frameworks @loader_path/Frameworks";
				PRODUCT_BUNDLE_IDENTIFIER = "org.ecodatum.ecodatum-ios-clientTests";
				PRODUCT_NAME = "$(TARGET_NAME)";
				SWIFT_VERSION = 4.0;
				TARGETED_DEVICE_FAMILY = "1,2";
				TEST_HOST = "$(BUILT_PRODUCTS_DIR)/ecodatum-ios-client.app/ecodatum-ios-client";
			};
			name = Debug;
		};
		01AD11841FF4B5DC000DCE81 /* Release */ = {
			isa = XCBuildConfiguration;
			buildSettings = {
				ALWAYS_EMBED_SWIFT_STANDARD_LIBRARIES = YES;
				BUNDLE_LOADER = "$(TEST_HOST)";
				CODE_SIGN_STYLE = Automatic;
				DEVELOPMENT_TEAM = 2T69Q77ERZ;
				INFOPLIST_FILE = "ecodatum-ios-clientTests/Info.plist";
				LD_RUNPATH_SEARCH_PATHS = "$(inherited) @executable_path/Frameworks @loader_path/Frameworks";
				PRODUCT_BUNDLE_IDENTIFIER = "org.ecodatum.ecodatum-ios-clientTests";
				PRODUCT_NAME = "$(TARGET_NAME)";
				SWIFT_VERSION = 4.0;
				TARGETED_DEVICE_FAMILY = "1,2";
				TEST_HOST = "$(BUILT_PRODUCTS_DIR)/ecodatum-ios-client.app/ecodatum-ios-client";
			};
			name = Release;
		};
/* End XCBuildConfiguration section */

/* Begin XCConfigurationList section */
		01AD115D1FF4B5DB000DCE81 /* Build configuration list for PBXProject "ecodatum-ios-client" */ = {
			isa = XCConfigurationList;
			buildConfigurations = (
				01AD117D1FF4B5DC000DCE81 /* Debug */,
				01AD117E1FF4B5DC000DCE81 /* Release */,
			);
			defaultConfigurationIsVisible = 0;
			defaultConfigurationName = Release;
		};
		01AD117F1FF4B5DC000DCE81 /* Build configuration list for PBXNativeTarget "ecodatum-ios-client" */ = {
			isa = XCConfigurationList;
			buildConfigurations = (
				01AD11801FF4B5DC000DCE81 /* Debug */,
				01AD11811FF4B5DC000DCE81 /* Release */,
			);
			defaultConfigurationIsVisible = 0;
			defaultConfigurationName = Release;
		};
		01AD11821FF4B5DC000DCE81 /* Build configuration list for PBXNativeTarget "ecodatum-ios-clientTests" */ = {
			isa = XCConfigurationList;
			buildConfigurations = (
				01AD11831FF4B5DC000DCE81 /* Debug */,
				01AD11841FF4B5DC000DCE81 /* Release */,
			);
			defaultConfigurationIsVisible = 0;
			defaultConfigurationName = Release;
		};
/* End XCConfigurationList section */
	};
	rootObject = 01AD115A1FF4B5DB000DCE81 /* Project object */;
}
